// !$*UTF8*$!
{
	archiveVersion = 1;
	classes = {
	};
	objectVersion = 50;
	objects = {

/* Begin PBXBuildFile section */
		08001CD8267E1E850055D4FC /* AppDelegate.swift in Sources */ = {isa = PBXBuildFile; fileRef = 08001CD7267E1E850055D4FC /* AppDelegate.swift */; };
		08001CDA267E1E850055D4FC /* SceneDelegate.swift in Sources */ = {isa = PBXBuildFile; fileRef = 08001CD9267E1E850055D4FC /* SceneDelegate.swift */; };
		08001CDC267E1E850055D4FC /* CurrentLocationViewController.swift in Sources */ = {isa = PBXBuildFile; fileRef = 08001CDB267E1E850055D4FC /* CurrentLocationViewController.swift */; };
		08001CE2267E1E850055D4FC /* MyLocations.xcdatamodeld in Sources */ = {isa = PBXBuildFile; fileRef = 08001CE0267E1E850055D4FC /* MyLocations.xcdatamodeld */; };
		08001CE4267E1E8A0055D4FC /* Assets.xcassets in Resources */ = {isa = PBXBuildFile; fileRef = 08001CE3267E1E8A0055D4FC /* Assets.xcassets */; };
		08407CC6267E7FC40002D08B /* LocationDetailViewController.swift in Sources */ = {isa = PBXBuildFile; fileRef = 08407CC5267E7FC40002D08B /* LocationDetailViewController.swift */; };
		08407CC8267F5B4E0002D08B /* CategoryPickerViewController.swift in Sources */ = {isa = PBXBuildFile; fileRef = 08407CC7267F5B4E0002D08B /* CategoryPickerViewController.swift */; };
		08407CCA267F71320002D08B /* HudView.swift in Sources */ = {isa = PBXBuildFile; fileRef = 08407CC9267F71320002D08B /* HudView.swift */; };
		08407CCD267FA9330002D08B /* Functions.swift in Sources */ = {isa = PBXBuildFile; fileRef = 08407CCC267FA9330002D08B /* Functions.swift */; };
		08407CD0267FD0AC0002D08B /* Location+CoreDataClass.swift in Sources */ = {isa = PBXBuildFile; fileRef = 08407CCE267FD0AC0002D08B /* Location+CoreDataClass.swift */; };
		08407CD1267FD0AC0002D08B /* Location+CoreDataProperties.swift in Sources */ = {isa = PBXBuildFile; fileRef = 08407CCF267FD0AC0002D08B /* Location+CoreDataProperties.swift */; };
		0897D4442680858500E4DE23 /* LocationsViewController.swift in Sources */ = {isa = PBXBuildFile; fileRef = 0897D4432680858500E4DE23 /* LocationsViewController.swift */; };
		0897D44726808FA900E4DE23 /* LocationCell.swift in Sources */ = {isa = PBXBuildFile; fileRef = 0897D44626808FA900E4DE23 /* LocationCell.swift */; };
		0897D4492680BF9B00E4DE23 /* Main.storyboard in Resources */ = {isa = PBXBuildFile; fileRef = 0897D4482680BF9B00E4DE23 /* Main.storyboard */; };
		0897D44D2680CA5000E4DE23 /* MapViewController.swift in Sources */ = {isa = PBXBuildFile; fileRef = 0897D44C2680CA5000E4DE23 /* MapViewController.swift */; };
		0897D4532681315600E4DE23 /* UIImage + Resize.swift in Sources */ = {isa = PBXBuildFile; fileRef = 0897D4522681315500E4DE23 /* UIImage + Resize.swift */; };
		0897D4552681ACDC00E4DE23 /* String + AddText.swift in Sources */ = {isa = PBXBuildFile; fileRef = 0897D4542681ACDC00E4DE23 /* String + AddText.swift */; };
		0897D4582681CCD300E4DE23 /* Sound.caf in Resources */ = {isa = PBXBuildFile; fileRef = 0897D4572681CCD300E4DE23 /* Sound.caf */; };
		0897D45A2681CF1300E4DE23 /* LaunchScreen.storyboard in Resources */ = {isa = PBXBuildFile; fileRef = 0897D4592681CF1300E4DE23 /* LaunchScreen.storyboard */; };
/* End PBXBuildFile section */

/* Begin PBXFileReference section */
		08001CD4267E1E850055D4FC /* MyLocations.app */ = {isa = PBXFileReference; explicitFileType = wrapper.application; includeInIndex = 0; path = MyLocations.app; sourceTree = BUILT_PRODUCTS_DIR; };
		08001CD7267E1E850055D4FC /* AppDelegate.swift */ = {isa = PBXFileReference; lastKnownFileType = sourcecode.swift; path = AppDelegate.swift; sourceTree = "<group>"; };
		08001CD9267E1E850055D4FC /* SceneDelegate.swift */ = {isa = PBXFileReference; lastKnownFileType = sourcecode.swift; path = SceneDelegate.swift; sourceTree = "<group>"; };
		08001CDB267E1E850055D4FC /* CurrentLocationViewController.swift */ = {isa = PBXFileReference; lastKnownFileType = sourcecode.swift; path = CurrentLocationViewController.swift; sourceTree = "<group>"; };
		08001CE1267E1E850055D4FC /* MyLocations.xcdatamodel */ = {isa = PBXFileReference; lastKnownFileType = wrapper.xcdatamodel; path = MyLocations.xcdatamodel; sourceTree = "<group>"; };
		08001CE3267E1E8A0055D4FC /* Assets.xcassets */ = {isa = PBXFileReference; lastKnownFileType = folder.assetcatalog; path = Assets.xcassets; sourceTree = "<group>"; };
		08001CE8267E1E8A0055D4FC /* Info.plist */ = {isa = PBXFileReference; lastKnownFileType = text.plist.xml; path = Info.plist; sourceTree = "<group>"; };
		08407CC5267E7FC40002D08B /* LocationDetailViewController.swift */ = {isa = PBXFileReference; lastKnownFileType = sourcecode.swift; path = LocationDetailViewController.swift; sourceTree = "<group>"; };
		08407CC7267F5B4E0002D08B /* CategoryPickerViewController.swift */ = {isa = PBXFileReference; lastKnownFileType = sourcecode.swift; path = CategoryPickerViewController.swift; sourceTree = "<group>"; };
		08407CC9267F71320002D08B /* HudView.swift */ = {isa = PBXFileReference; lastKnownFileType = sourcecode.swift; path = HudView.swift; sourceTree = "<group>"; };
		08407CCC267FA9330002D08B /* Functions.swift */ = {isa = PBXFileReference; lastKnownFileType = sourcecode.swift; path = Functions.swift; sourceTree = "<group>"; };
		08407CCE267FD0AC0002D08B /* Location+CoreDataClass.swift */ = {isa = PBXFileReference; lastKnownFileType = sourcecode.swift; path = "Location+CoreDataClass.swift"; sourceTree = "<group>"; };
		08407CCF267FD0AC0002D08B /* Location+CoreDataProperties.swift */ = {isa = PBXFileReference; lastKnownFileType = sourcecode.swift; path = "Location+CoreDataProperties.swift"; sourceTree = "<group>"; };
		0897D4432680858500E4DE23 /* LocationsViewController.swift */ = {isa = PBXFileReference; lastKnownFileType = sourcecode.swift; path = LocationsViewController.swift; sourceTree = "<group>"; };
		0897D44626808FA900E4DE23 /* LocationCell.swift */ = {isa = PBXFileReference; lastKnownFileType = sourcecode.swift; path = LocationCell.swift; sourceTree = "<group>"; };
		0897D4482680BF9B00E4DE23 /* Main.storyboard */ = {isa = PBXFileReference; fileEncoding = 4; lastKnownFileType = file.storyboard; path = Main.storyboard; sourceTree = "<group>"; };
		0897D44C2680CA5000E4DE23 /* MapViewController.swift */ = {isa = PBXFileReference; lastKnownFileType = sourcecode.swift; path = MapViewController.swift; sourceTree = "<group>"; };
		0897D4522681315500E4DE23 /* UIImage + Resize.swift */ = {isa = PBXFileReference; lastKnownFileType = sourcecode.swift; path = "UIImage + Resize.swift"; sourceTree = "<group>"; };
		0897D4542681ACDC00E4DE23 /* String + AddText.swift */ = {isa = PBXFileReference; lastKnownFileType = sourcecode.swift; path = "String + AddText.swift"; sourceTree = "<group>"; };
		0897D4572681CCD300E4DE23 /* Sound.caf */ = {isa = PBXFileReference; lastKnownFileType = file; path = Sound.caf; sourceTree = "<group>"; };
		0897D4592681CF1300E4DE23 /* LaunchScreen.storyboard */ = {isa = PBXFileReference; fileEncoding = 4; lastKnownFileType = file.storyboard; path = LaunchScreen.storyboard; sourceTree = "<group>"; };
/* End PBXFileReference section */

/* Begin PBXFrameworksBuildPhase section */
		08001CD1267E1E850055D4FC /* Frameworks */ = {
			isa = PBXFrameworksBuildPhase;
			buildActionMask = 2147483647;
			files = (
			);
			runOnlyForDeploymentPostprocessing = 0;
		};
/* End PBXFrameworksBuildPhase section */

/* Begin PBXGroup section */
		08001CCB267E1E850055D4FC = {
			isa = PBXGroup;
			children = (
				08407CCE267FD0AC0002D08B /* Location+CoreDataClass.swift */,
				08407CCF267FD0AC0002D08B /* Location+CoreDataProperties.swift */,
				08001CD6267E1E850055D4FC /* MyLocations */,
				08001CD5267E1E850055D4FC /* Products */,
			);
			sourceTree = "<group>";
		};
		08001CD5267E1E850055D4FC /* Products */ = {
			isa = PBXGroup;
			children = (
				08001CD4267E1E850055D4FC /* MyLocations.app */,
			);
			name = Products;
			sourceTree = "<group>";
		};
		08001CD6267E1E850055D4FC /* MyLocations */ = {
			isa = PBXGroup;
			children = (
				08001CEE267E1FB30055D4FC /* Model */,
				08001CEF267E1FC20055D4FC /* View */,
				08001CF0267E1FC70055D4FC /* Controller */,
				08001CF1267E1FD50055D4FC /* Resources */,
			);
			path = MyLocations;
			sourceTree = "<group>";
		};
		08001CEE267E1FB30055D4FC /* Model */ = {
			isa = PBXGroup;
			children = (
				08407CCC267FA9330002D08B /* Functions.swift */,
				0897D4522681315500E4DE23 /* UIImage + Resize.swift */,
				0897D4542681ACDC00E4DE23 /* String + AddText.swift */,
			);
			path = Model;
			sourceTree = "<group>";
		};
		08001CEF267E1FC20055D4FC /* View */ = {
			isa = PBXGroup;
			children = (
				0897D4482680BF9B00E4DE23 /* Main.storyboard */,
			);
			path = View;
			sourceTree = "<group>";
		};
		08001CF0267E1FC70055D4FC /* Controller */ = {
			isa = PBXGroup;
			children = (
				08407CCB267F7B240002D08B /* HudView */,
				0897D44A2680C9F600E4DE23 /* ItemTab */,
				0897D4452680858A00E4DE23 /* LocationTab */,
				0897D44B2680CA2500E4DE23 /* MapTab */,
			);
			path = Controller;
			sourceTree = "<group>";
		};
		08001CF1267E1FD50055D4FC /* Resources */ = {
			isa = PBXGroup;
			children = (
				0897D4562681CCD300E4DE23 /* Sound */,
				08001CD7267E1E850055D4FC /* AppDelegate.swift */,
				08001CD9267E1E850055D4FC /* SceneDelegate.swift */,
				08001CE3267E1E8A0055D4FC /* Assets.xcassets */,
				08001CE8267E1E8A0055D4FC /* Info.plist */,
				0897D4592681CF1300E4DE23 /* LaunchScreen.storyboard */,
				08001CE0267E1E850055D4FC /* MyLocations.xcdatamodeld */,
			);
			path = Resources;
			sourceTree = "<group>";
		};
		08407CCB267F7B240002D08B /* HudView */ = {
			isa = PBXGroup;
			children = (
				08407CC9267F71320002D08B /* HudView.swift */,
			);
			path = HudView;
			sourceTree = "<group>";
		};
		0897D4452680858A00E4DE23 /* LocationTab */ = {
			isa = PBXGroup;
			children = (
				0897D4432680858500E4DE23 /* LocationsViewController.swift */,
				0897D44626808FA900E4DE23 /* LocationCell.swift */,
			);
			path = LocationTab;
			sourceTree = "<group>";
		};
		0897D44A2680C9F600E4DE23 /* ItemTab */ = {
			isa = PBXGroup;
			children = (
				08001CDB267E1E850055D4FC /* CurrentLocationViewController.swift */,
				08407CC5267E7FC40002D08B /* LocationDetailViewController.swift */,
				08407CC7267F5B4E0002D08B /* CategoryPickerViewController.swift */,
			);
			path = ItemTab;
			sourceTree = "<group>";
		};
		0897D44B2680CA2500E4DE23 /* MapTab */ = {
			isa = PBXGroup;
			children = (
				0897D44C2680CA5000E4DE23 /* MapViewController.swift */,
			);
			path = MapTab;
			sourceTree = "<group>";
		};
		0897D4562681CCD300E4DE23 /* Sound */ = {
			isa = PBXGroup;
			children = (
				0897D4572681CCD300E4DE23 /* Sound.caf */,
			);
			path = Sound;
			sourceTree = "<group>";
		};
/* End PBXGroup section */

/* Begin PBXNativeTarget section */
		08001CD3267E1E850055D4FC /* MyLocations */ = {
			isa = PBXNativeTarget;
			buildConfigurationList = 08001CEB267E1E8A0055D4FC /* Build configuration list for PBXNativeTarget "MyLocations" */;
			buildPhases = (
				08001CD0267E1E850055D4FC /* Sources */,
				08001CD1267E1E850055D4FC /* Frameworks */,
				08001CD2267E1E850055D4FC /* Resources */,
			);
			buildRules = (
			);
			dependencies = (
			);
			name = MyLocations;
			productName = MyLocations;
			productReference = 08001CD4267E1E850055D4FC /* MyLocations.app */;
			productType = "com.apple.product-type.application";
		};
/* End PBXNativeTarget section */

/* Begin PBXProject section */
		08001CCC267E1E850055D4FC /* Project object */ = {
			isa = PBXProject;
			attributes = {
				LastSwiftUpdateCheck = 1250;
				LastUpgradeCheck = 1250;
				TargetAttributes = {
					08001CD3267E1E850055D4FC = {
						CreatedOnToolsVersion = 12.5;
					};
				};
			};
			buildConfigurationList = 08001CCF267E1E850055D4FC /* Build configuration list for PBXProject "MyLocations" */;
			compatibilityVersion = "Xcode 9.3";
			developmentRegion = en;
			hasScannedForEncodings = 0;
			knownRegions = (
				en,
				Base,
			);
			mainGroup = 08001CCB267E1E850055D4FC;
			productRefGroup = 08001CD5267E1E850055D4FC /* Products */;
			projectDirPath = "";
			projectRoot = "";
			targets = (
				08001CD3267E1E850055D4FC /* MyLocations */,
			);
		};
/* End PBXProject section */

/* Begin PBXResourcesBuildPhase section */
		08001CD2267E1E850055D4FC /* Resources */ = {
			isa = PBXResourcesBuildPhase;
			buildActionMask = 2147483647;
			files = (
				08001CE4267E1E8A0055D4FC /* Assets.xcassets in Resources */,
				0897D45A2681CF1300E4DE23 /* LaunchScreen.storyboard in Resources */,
				0897D4582681CCD300E4DE23 /* Sound.caf in Resources */,
				0897D4492680BF9B00E4DE23 /* Main.storyboard in Resources */,
			);
			runOnlyForDeploymentPostprocessing = 0;
		};
/* End PBXResourcesBuildPhase section */

/* Begin PBXSourcesBuildPhase section */
		08001CD0267E1E850055D4FC /* Sources */ = {
			isa = PBXSourcesBuildPhase;
			buildActionMask = 2147483647;
			files = (
				08407CC8267F5B4E0002D08B /* CategoryPickerViewController.swift in Sources */,
				08001CDC267E1E850055D4FC /* CurrentLocationViewController.swift in Sources */,
				08001CD8267E1E850055D4FC /* AppDelegate.swift in Sources */,
				08407CCD267FA9330002D08B /* Functions.swift in Sources */,
				0897D4442680858500E4DE23 /* LocationsViewController.swift in Sources */,
				08407CD1267FD0AC0002D08B /* Location+CoreDataProperties.swift in Sources */,
				0897D44D2680CA5000E4DE23 /* MapViewController.swift in Sources */,
				0897D44726808FA900E4DE23 /* LocationCell.swift in Sources */,
				0897D4552681ACDC00E4DE23 /* String + AddText.swift in Sources */,
				08001CE2267E1E850055D4FC /* MyLocations.xcdatamodeld in Sources */,
				08001CDA267E1E850055D4FC /* SceneDelegate.swift in Sources */,
				08407CD0267FD0AC0002D08B /* Location+CoreDataClass.swift in Sources */,
				08407CCA267F71320002D08B /* HudView.swift in Sources */,
				08407CC6267E7FC40002D08B /* LocationDetailViewController.swift in Sources */,
				0897D4532681315600E4DE23 /* UIImage + Resize.swift in Sources */,
			);
			runOnlyForDeploymentPostprocessing = 0;
		};
/* End PBXSourcesBuildPhase section */

/* Begin XCBuildConfiguration section */
		08001CE9267E1E8A0055D4FC /* Debug */ = {
			isa = XCBuildConfiguration;
			buildSettings = {
				ALWAYS_SEARCH_USER_PATHS = NO;
				CLANG_ANALYZER_NONNULL = YES;
				CLANG_ANALYZER_NUMBER_OBJECT_CONVERSION = YES_AGGRESSIVE;
				CLANG_CXX_LANGUAGE_STANDARD = "gnu++14";
				CLANG_CXX_LIBRARY = "libc++";
				CLANG_ENABLE_MODULES = YES;
				CLANG_ENABLE_OBJC_ARC = YES;
				CLANG_ENABLE_OBJC_WEAK = YES;
				CLANG_WARN_BLOCK_CAPTURE_AUTORELEASING = YES;
				CLANG_WARN_BOOL_CONVERSION = YES;
				CLANG_WARN_COMMA = YES;
				CLANG_WARN_CONSTANT_CONVERSION = YES;
				CLANG_WARN_DEPRECATED_OBJC_IMPLEMENTATIONS = YES;
				CLANG_WARN_DIRECT_OBJC_ISA_USAGE = YES_ERROR;
				CLANG_WARN_DOCUMENTATION_COMMENTS = YES;
				CLANG_WARN_EMPTY_BODY = YES;
				CLANG_WARN_ENUM_CONVERSION = YES;
				CLANG_WARN_INFINITE_RECURSION = YES;
				CLANG_WARN_INT_CONVERSION = YES;
				CLANG_WARN_NON_LITERAL_NULL_CONVERSION = YES;
				CLANG_WARN_OBJC_IMPLICIT_RETAIN_SELF = YES;
				CLANG_WARN_OBJC_LITERAL_CONVERSION = YES;
				CLANG_WARN_OBJC_ROOT_CLASS = YES_ERROR;
				CLANG_WARN_QUOTED_INCLUDE_IN_FRAMEWORK_HEADER = YES;
				CLANG_WARN_RANGE_LOOP_ANALYSIS = YES;
				CLANG_WARN_STRICT_PROTOTYPES = YES;
				CLANG_WARN_SUSPICIOUS_MOVE = YES;
				CLANG_WARN_UNGUARDED_AVAILABILITY = YES_AGGRESSIVE;
				CLANG_WARN_UNREACHABLE_CODE = YES;
				CLANG_WARN__DUPLICATE_METHOD_MATCH = YES;
				COPY_PHASE_STRIP = NO;
				DEBUG_INFORMATION_FORMAT = dwarf;
				ENABLE_STRICT_OBJC_MSGSEND = YES;
				ENABLE_TESTABILITY = YES;
				GCC_C_LANGUAGE_STANDARD = gnu11;
				GCC_DYNAMIC_NO_PIC = NO;
				GCC_NO_COMMON_BLOCKS = YES;
				GCC_OPTIMIZATION_LEVEL = 0;
				GCC_PREPROCESSOR_DEFINITIONS = (
					"DEBUG=1",
					"$(inherited)",
				);
				GCC_WARN_64_TO_32_BIT_CONVERSION = YES;
				GCC_WARN_ABOUT_RETURN_TYPE = YES_ERROR;
				GCC_WARN_UNDECLARED_SELECTOR = YES;
				GCC_WARN_UNINITIALIZED_AUTOS = YES_AGGRESSIVE;
				GCC_WARN_UNUSED_FUNCTION = YES;
				GCC_WARN_UNUSED_VARIABLE = YES;
				IPHONEOS_DEPLOYMENT_TARGET = 14.5;
				MTL_ENABLE_DEBUG_INFO = INCLUDE_SOURCE;
				MTL_FAST_MATH = YES;
				ONLY_ACTIVE_ARCH = YES;
				SDKROOT = iphoneos;
				SWIFT_ACTIVE_COMPILATION_CONDITIONS = DEBUG;
				SWIFT_OPTIMIZATION_LEVEL = "-Onone";
			};
			name = Debug;
		};
		08001CEA267E1E8A0055D4FC /* Release */ = {
			isa = XCBuildConfiguration;
			buildSettings = {
				ALWAYS_SEARCH_USER_PATHS = NO;
				CLANG_ANALYZER_NONNULL = YES;
				CLANG_ANALYZER_NUMBER_OBJECT_CONVERSION = YES_AGGRESSIVE;
				CLANG_CXX_LANGUAGE_STANDARD = "gnu++14";
				CLANG_CXX_LIBRARY = "libc++";
				CLANG_ENABLE_MODULES = YES;
				CLANG_ENABLE_OBJC_ARC = YES;
				CLANG_ENABLE_OBJC_WEAK = YES;
				CLANG_WARN_BLOCK_CAPTURE_AUTORELEASING = YES;
				CLANG_WARN_BOOL_CONVERSION = YES;
				CLANG_WARN_COMMA = YES;
				CLANG_WARN_CONSTANT_CONVERSION = YES;
				CLANG_WARN_DEPRECATED_OBJC_IMPLEMENTATIONS = YES;
				CLANG_WARN_DIRECT_OBJC_ISA_USAGE = YES_ERROR;
				CLANG_WARN_DOCUMENTATION_COMMENTS = YES;
				CLANG_WARN_EMPTY_BODY = YES;
				CLANG_WARN_ENUM_CONVERSION = YES;
				CLANG_WARN_INFINITE_RECURSION = YES;
				CLANG_WARN_INT_CONVERSION = YES;
				CLANG_WARN_NON_LITERAL_NULL_CONVERSION = YES;
				CLANG_WARN_OBJC_IMPLICIT_RETAIN_SELF = YES;
				CLANG_WARN_OBJC_LITERAL_CONVERSION = YES;
				CLANG_WARN_OBJC_ROOT_CLASS = YES_ERROR;
				CLANG_WARN_QUOTED_INCLUDE_IN_FRAMEWORK_HEADER = YES;
				CLANG_WARN_RANGE_LOOP_ANALYSIS = YES;
				CLANG_WARN_STRICT_PROTOTYPES = YES;
				CLANG_WARN_SUSPICIOUS_MOVE = YES;
				CLANG_WARN_UNGUARDED_AVAILABILITY = YES_AGGRESSIVE;
				CLANG_WARN_UNREACHABLE_CODE = YES;
				CLANG_WARN__DUPLICATE_METHOD_MATCH = YES;
				COPY_PHASE_STRIP = NO;
				DEBUG_INFORMATION_FORMAT = "dwarf-with-dsym";
				ENABLE_NS_ASSERTIONS = NO;
				ENABLE_STRICT_OBJC_MSGSEND = YES;
				GCC_C_LANGUAGE_STANDARD = gnu11;
				GCC_NO_COMMON_BLOCKS = YES;
				GCC_WARN_64_TO_32_BIT_CONVERSION = YES;
				GCC_WARN_ABOUT_RETURN_TYPE = YES_ERROR;
				GCC_WARN_UNDECLARED_SELECTOR = YES;
				GCC_WARN_UNINITIALIZED_AUTOS = YES_AGGRESSIVE;
				GCC_WARN_UNUSED_FUNCTION = YES;
				GCC_WARN_UNUSED_VARIABLE = YES;
				IPHONEOS_DEPLOYMENT_TARGET = 14.5;
				MTL_ENABLE_DEBUG_INFO = NO;
				MTL_FAST_MATH = YES;
				SDKROOT = iphoneos;
				SWIFT_COMPILATION_MODE = wholemodule;
				SWIFT_OPTIMIZATION_LEVEL = "-O";
				VALIDATE_PRODUCT = YES;
			};
			name = Release;
		};
		08001CEC267E1E8A0055D4FC /* Debug */ = {
			isa = XCBuildConfiguration;
			buildSettings = {
				ASSETCATALOG_COMPILER_APPICON_NAME = AppIcon;
				ASSETCATALOG_COMPILER_GLOBAL_ACCENT_COLOR_NAME = AccentColor;
				CODE_SIGN_STYLE = Automatic;
				INFOPLIST_FILE = MyLocations/Resources/Info.plist;
				LD_RUNPATH_SEARCH_PATHS = (
					"$(inherited)",
					"@executable_path/Frameworks",
				);
				PRODUCT_BUNDLE_IDENTIFIER = "hh-ofp.MyLocations";
				PRODUCT_NAME = "$(TARGET_NAME)";
				SWIFT_VERSION = 5.0;
				TARGETED_DEVICE_FAMILY = 1;
			};
			name = Debug;
		};
		08001CED267E1E8A0055D4FC /* Release */ = {
			isa = XCBuildConfiguration;
			buildSettings = {
				ASSETCATALOG_COMPILER_APPICON_NAME = AppIcon;
				ASSETCATALOG_COMPILER_GLOBAL_ACCENT_COLOR_NAME = AccentColor;
				CODE_SIGN_STYLE = Automatic;
				INFOPLIST_FILE = MyLocations/Resources/Info.plist;
				LD_RUNPATH_SEARCH_PATHS = (
					"$(inherited)",
					"@executable_path/Frameworks",
				);
				PRODUCT_BUNDLE_IDENTIFIER = "hh-ofp.MyLocations";
				PRODUCT_NAME = "$(TARGET_NAME)";
				SWIFT_VERSION = 5.0;
				TARGETED_DEVICE_FAMILY = 1;
			};
			name = Release;
		};
/* End XCBuildConfiguration section */

/* Begin XCConfigurationList section */
		08001CCF267E1E850055D4FC /* Build configuration list for PBXProject "MyLocations" */ = {
			isa = XCConfigurationList;
			buildConfigurations = (
				08001CE9267E1E8A0055D4FC /* Debug */,
				08001CEA267E1E8A0055D4FC /* Release */,
			);
			defaultConfigurationIsVisible = 0;
			defaultConfigurationName = Release;
		};
		08001CEB267E1E8A0055D4FC /* Build configuration list for PBXNativeTarget "MyLocations" */ = {
			isa = XCConfigurationList;
			buildConfigurations = (
				08001CEC267E1E8A0055D4FC /* Debug */,
				08001CED267E1E8A0055D4FC /* Release */,
			);
			defaultConfigurationIsVisible = 0;
			defaultConfigurationName = Release;
		};
/* End XCConfigurationList section */

/* Begin XCVersionGroup section */
		08001CE0267E1E850055D4FC /* MyLocations.xcdatamodeld */ = {
			isa = XCVersionGroup;
			children = (
				08001CE1267E1E850055D4FC /* MyLocations.xcdatamodel */,
			);
			currentVersion = 08001CE1267E1E850055D4FC /* MyLocations.xcdatamodel */;
			path = MyLocations.xcdatamodeld;
			sourceTree = "<group>";
			versionGroupType = wrapper.xcdatamodel;
		};
/* End XCVersionGroup section */
	};
	rootObject = 08001CCC267E1E850055D4FC /* Project object */;
}
