// !$*UTF8*$!
{
	archiveVersion = 1;
	classes = {
	};
	objectVersion = 50;
	objects = {

/* Begin PBXBuildFile section */
		085E13972644DB5D0074D9DC /* AppDelegate.swift in Sources */ = {isa = PBXBuildFile; fileRef = 085E13962644DB5D0074D9DC /* AppDelegate.swift */; };
		085E13992644DB5D0074D9DC /* SceneDelegate.swift in Sources */ = {isa = PBXBuildFile; fileRef = 085E13982644DB5D0074D9DC /* SceneDelegate.swift */; };
		085E139C2644DB5D0074D9DC /* AlarmLiveBackground.xcdatamodeld in Sources */ = {isa = PBXBuildFile; fileRef = 085E139A2644DB5D0074D9DC /* AlarmLiveBackground.xcdatamodeld */; };
		085E139E2644DB5D0074D9DC /* ContentView.swift in Sources */ = {isa = PBXBuildFile; fileRef = 085E139D2644DB5D0074D9DC /* ContentView.swift */; };
		085E13A02644DB5D0074D9DC /* Assets.xcassets in Resources */ = {isa = PBXBuildFile; fileRef = 085E139F2644DB5D0074D9DC /* Assets.xcassets */; };
		085E13A32644DB5D0074D9DC /* Preview Assets.xcassets in Resources */ = {isa = PBXBuildFile; fileRef = 085E13A22644DB5D0074D9DC /* Preview Assets.xcassets */; };
		085E13A62644DB5D0074D9DC /* LaunchScreen.storyboard in Resources */ = {isa = PBXBuildFile; fileRef = 085E13A42644DB5D0074D9DC /* LaunchScreen.storyboard */; };
		085E13B12644DB5D0074D9DC /* AlarmLiveBackgroundTests.swift in Sources */ = {isa = PBXBuildFile; fileRef = 085E13B02644DB5D0074D9DC /* AlarmLiveBackgroundTests.swift */; };
		085E13BC2644DB5D0074D9DC /* AlarmLiveBackgroundUITests.swift in Sources */ = {isa = PBXBuildFile; fileRef = 085E13BB2644DB5D0074D9DC /* AlarmLiveBackgroundUITests.swift */; };
		085E13CA2644DB700074D9DC /* LoopingPlayer.swift in Sources */ = {isa = PBXBuildFile; fileRef = 085E13C92644DB700074D9DC /* LoopingPlayer.swift */; };
		085E13CC2644DB890074D9DC /* VideoWithBlock.mov in Resources */ = {isa = PBXBuildFile; fileRef = 085E13CB2644DB890074D9DC /* VideoWithBlock.mov */; };
		085E13CE2644DBC40074D9DC /* TimerManager.swift in Sources */ = {isa = PBXBuildFile; fileRef = 085E13CD2644DBC40074D9DC /* TimerManager.swift */; };
		085E13D02644DBCE0074D9DC /* BaseFound.swift in Sources */ = {isa = PBXBuildFile; fileRef = 085E13CF2644DBCE0074D9DC /* BaseFound.swift */; };
/* End PBXBuildFile section */

/* Begin PBXContainerItemProxy section */
		085E13AD2644DB5D0074D9DC /* PBXContainerItemProxy */ = {
			isa = PBXContainerItemProxy;
			containerPortal = 085E138B2644DB5D0074D9DC /* Project object */;
			proxyType = 1;
			remoteGlobalIDString = 085E13922644DB5D0074D9DC;
			remoteInfo = AlarmLiveBackground;
		};
		085E13B82644DB5D0074D9DC /* PBXContainerItemProxy */ = {
			isa = PBXContainerItemProxy;
			containerPortal = 085E138B2644DB5D0074D9DC /* Project object */;
			proxyType = 1;
			remoteGlobalIDString = 085E13922644DB5D0074D9DC;
			remoteInfo = AlarmLiveBackground;
		};
/* End PBXContainerItemProxy section */

/* Begin PBXFileReference section */
		085E13932644DB5D0074D9DC /* AlarmLiveBackground.app */ = {isa = PBXFileReference; explicitFileType = wrapper.application; includeInIndex = 0; path = AlarmLiveBackground.app; sourceTree = BUILT_PRODUCTS_DIR; };
		085E13962644DB5D0074D9DC /* AppDelegate.swift */ = {isa = PBXFileReference; lastKnownFileType = sourcecode.swift; path = AppDelegate.swift; sourceTree = "<group>"; };
		085E13982644DB5D0074D9DC /* SceneDelegate.swift */ = {isa = PBXFileReference; lastKnownFileType = sourcecode.swift; path = SceneDelegate.swift; sourceTree = "<group>"; };
		085E139B2644DB5D0074D9DC /* AlarmLiveBackground.xcdatamodel */ = {isa = PBXFileReference; lastKnownFileType = wrapper.xcdatamodel; path = AlarmLiveBackground.xcdatamodel; sourceTree = "<group>"; };
		085E139D2644DB5D0074D9DC /* ContentView.swift */ = {isa = PBXFileReference; lastKnownFileType = sourcecode.swift; path = ContentView.swift; sourceTree = "<group>"; };
		085E139F2644DB5D0074D9DC /* Assets.xcassets */ = {isa = PBXFileReference; lastKnownFileType = folder.assetcatalog; path = Assets.xcassets; sourceTree = "<group>"; };
		085E13A22644DB5D0074D9DC /* Preview Assets.xcassets */ = {isa = PBXFileReference; lastKnownFileType = folder.assetcatalog; path = "Preview Assets.xcassets"; sourceTree = "<group>"; };
		085E13A52644DB5D0074D9DC /* Base */ = {isa = PBXFileReference; lastKnownFileType = file.storyboard; name = Base; path = Base.lproj/LaunchScreen.storyboard; sourceTree = "<group>"; };
		085E13A72644DB5D0074D9DC /* Info.plist */ = {isa = PBXFileReference; lastKnownFileType = text.plist.xml; path = Info.plist; sourceTree = "<group>"; };
		085E13AC2644DB5D0074D9DC /* AlarmLiveBackgroundTests.xctest */ = {isa = PBXFileReference; explicitFileType = wrapper.cfbundle; includeInIndex = 0; path = AlarmLiveBackgroundTests.xctest; sourceTree = BUILT_PRODUCTS_DIR; };
		085E13B02644DB5D0074D9DC /* AlarmLiveBackgroundTests.swift */ = {isa = PBXFileReference; lastKnownFileType = sourcecode.swift; path = AlarmLiveBackgroundTests.swift; sourceTree = "<group>"; };
		085E13B22644DB5D0074D9DC /* Info.plist */ = {isa = PBXFileReference; lastKnownFileType = text.plist.xml; path = Info.plist; sourceTree = "<group>"; };
		085E13B72644DB5D0074D9DC /* AlarmLiveBackgroundUITests.xctest */ = {isa = PBXFileReference; explicitFileType = wrapper.cfbundle; includeInIndex = 0; path = AlarmLiveBackgroundUITests.xctest; sourceTree = BUILT_PRODUCTS_DIR; };
		085E13BB2644DB5D0074D9DC /* AlarmLiveBackgroundUITests.swift */ = {isa = PBXFileReference; lastKnownFileType = sourcecode.swift; path = AlarmLiveBackgroundUITests.swift; sourceTree = "<group>"; };
		085E13BD2644DB5D0074D9DC /* Info.plist */ = {isa = PBXFileReference; lastKnownFileType = text.plist.xml; path = Info.plist; sourceTree = "<group>"; };
		085E13C92644DB700074D9DC /* LoopingPlayer.swift */ = {isa = PBXFileReference; fileEncoding = 4; lastKnownFileType = sourcecode.swift; path = LoopingPlayer.swift; sourceTree = "<group>"; };
		085E13CB2644DB890074D9DC /* VideoWithBlock.mov */ = {isa = PBXFileReference; lastKnownFileType = video.quicktime; path = VideoWithBlock.mov; sourceTree = "<group>"; };
		085E13CD2644DBC40074D9DC /* TimerManager.swift */ = {isa = PBXFileReference; fileEncoding = 4; lastKnownFileType = sourcecode.swift; path = TimerManager.swift; sourceTree = "<group>"; };
		085E13CF2644DBCE0074D9DC /* BaseFound.swift */ = {isa = PBXFileReference; fileEncoding = 4; lastKnownFileType = sourcecode.swift; path = BaseFound.swift; sourceTree = "<group>"; };
/* End PBXFileReference section */

/* Begin PBXFrameworksBuildPhase section */
		085E13902644DB5D0074D9DC /* Frameworks */ = {
			isa = PBXFrameworksBuildPhase;
			buildActionMask = 2147483647;
			files = (
			);
			runOnlyForDeploymentPostprocessing = 0;
		};
		085E13A92644DB5D0074D9DC /* Frameworks */ = {
			isa = PBXFrameworksBuildPhase;
			buildActionMask = 2147483647;
			files = (
			);
			runOnlyForDeploymentPostprocessing = 0;
		};
		085E13B42644DB5D0074D9DC /* Frameworks */ = {
			isa = PBXFrameworksBuildPhase;
			buildActionMask = 2147483647;
			files = (
			);
			runOnlyForDeploymentPostprocessing = 0;
		};
/* End PBXFrameworksBuildPhase section */

/* Begin PBXGroup section */
		085E138A2644DB5D0074D9DC = {
			isa = PBXGroup;
			children = (
				085E13952644DB5D0074D9DC /* AlarmLiveBackground */,
				085E13AF2644DB5D0074D9DC /* AlarmLiveBackgroundTests */,
				085E13BA2644DB5D0074D9DC /* AlarmLiveBackgroundUITests */,
				085E13942644DB5D0074D9DC /* Products */,
			);
			sourceTree = "<group>";
		};
		085E13942644DB5D0074D9DC /* Products */ = {
			isa = PBXGroup;
			children = (
				085E13932644DB5D0074D9DC /* AlarmLiveBackground.app */,
				085E13AC2644DB5D0074D9DC /* AlarmLiveBackgroundTests.xctest */,
				085E13B72644DB5D0074D9DC /* AlarmLiveBackgroundUITests.xctest */,
			);
			name = Products;
			sourceTree = "<group>";
		};
		085E13952644DB5D0074D9DC /* AlarmLiveBackground */ = {
			isa = PBXGroup;
			children = (
				085E13962644DB5D0074D9DC /* AppDelegate.swift */,
				085E13982644DB5D0074D9DC /* SceneDelegate.swift */,
				085E139D2644DB5D0074D9DC /* ContentView.swift */,
				085E13CF2644DBCE0074D9DC /* BaseFound.swift */,
				085E13CD2644DBC40074D9DC /* TimerManager.swift */,
				085E13CB2644DB890074D9DC /* VideoWithBlock.mov */,
				085E13C92644DB700074D9DC /* LoopingPlayer.swift */,
				085E139F2644DB5D0074D9DC /* Assets.xcassets */,
				085E13A42644DB5D0074D9DC /* LaunchScreen.storyboard */,
				085E13A72644DB5D0074D9DC /* Info.plist */,
				085E139A2644DB5D0074D9DC /* AlarmLiveBackground.xcdatamodeld */,
				085E13A12644DB5D0074D9DC /* Preview Content */,
			);
			path = AlarmLiveBackground;
			sourceTree = "<group>";
		};
		085E13A12644DB5D0074D9DC /* Preview Content */ = {
			isa = PBXGroup;
			children = (
				085E13A22644DB5D0074D9DC /* Preview Assets.xcassets */,
			);
			path = "Preview Content";
			sourceTree = "<group>";
		};
		085E13AF2644DB5D0074D9DC /* AlarmLiveBackgroundTests */ = {
			isa = PBXGroup;
			children = (
				085E13B02644DB5D0074D9DC /* AlarmLiveBackgroundTests.swift */,
				085E13B22644DB5D0074D9DC /* Info.plist */,
			);
			path = AlarmLiveBackgroundTests;
			sourceTree = "<group>";
		};
		085E13BA2644DB5D0074D9DC /* AlarmLiveBackgroundUITests */ = {
			isa = PBXGroup;
			children = (
				085E13BB2644DB5D0074D9DC /* AlarmLiveBackgroundUITests.swift */,
				085E13BD2644DB5D0074D9DC /* Info.plist */,
			);
			path = AlarmLiveBackgroundUITests;
			sourceTree = "<group>";
		};
/* End PBXGroup section */

/* Begin PBXNativeTarget section */
		085E13922644DB5D0074D9DC /* AlarmLiveBackground */ = {
			isa = PBXNativeTarget;
			buildConfigurationList = 085E13C02644DB5D0074D9DC /* Build configuration list for PBXNativeTarget "AlarmLiveBackground" */;
			buildPhases = (
				085E138F2644DB5D0074D9DC /* Sources */,
				085E13902644DB5D0074D9DC /* Frameworks */,
				085E13912644DB5D0074D9DC /* Resources */,
			);
			buildRules = (
			);
			dependencies = (
			);
			name = AlarmLiveBackground;
			productName = AlarmLiveBackground;
			productReference = 085E13932644DB5D0074D9DC /* AlarmLiveBackground.app */;
			productType = "com.apple.product-type.application";
		};
		085E13AB2644DB5D0074D9DC /* AlarmLiveBackgroundTests */ = {
			isa = PBXNativeTarget;
			buildConfigurationList = 085E13C32644DB5D0074D9DC /* Build configuration list for PBXNativeTarget "AlarmLiveBackgroundTests" */;
			buildPhases = (
				085E13A82644DB5D0074D9DC /* Sources */,
				085E13A92644DB5D0074D9DC /* Frameworks */,
				085E13AA2644DB5D0074D9DC /* Resources */,
			);
			buildRules = (
			);
			dependencies = (
				085E13AE2644DB5D0074D9DC /* PBXTargetDependency */,
			);
			name = AlarmLiveBackgroundTests;
			productName = AlarmLiveBackgroundTests;
			productReference = 085E13AC2644DB5D0074D9DC /* AlarmLiveBackgroundTests.xctest */;
			productType = "com.apple.product-type.bundle.unit-test";
		};
		085E13B62644DB5D0074D9DC /* AlarmLiveBackgroundUITests */ = {
			isa = PBXNativeTarget;
			buildConfigurationList = 085E13C62644DB5D0074D9DC /* Build configuration list for PBXNativeTarget "AlarmLiveBackgroundUITests" */;
			buildPhases = (
				085E13B32644DB5D0074D9DC /* Sources */,
				085E13B42644DB5D0074D9DC /* Frameworks */,
				085E13B52644DB5D0074D9DC /* Resources */,
			);
			buildRules = (
			);
			dependencies = (
				085E13B92644DB5D0074D9DC /* PBXTargetDependency */,
			);
			name = AlarmLiveBackgroundUITests;
			productName = AlarmLiveBackgroundUITests;
			productReference = 085E13B72644DB5D0074D9DC /* AlarmLiveBackgroundUITests.xctest */;
			productType = "com.apple.product-type.bundle.ui-testing";
		};
/* End PBXNativeTarget section */

/* Begin PBXProject section */
		085E138B2644DB5D0074D9DC /* Project object */ = {
			isa = PBXProject;
			attributes = {
				LastSwiftUpdateCheck = 1120;
				LastUpgradeCheck = 1120;
				ORGANIZATIONNAME = Sabir;
				TargetAttributes = {
					085E13922644DB5D0074D9DC = {
						CreatedOnToolsVersion = 11.2;
					};
					085E13AB2644DB5D0074D9DC = {
						CreatedOnToolsVersion = 11.2;
						TestTargetID = 085E13922644DB5D0074D9DC;
					};
					085E13B62644DB5D0074D9DC = {
						CreatedOnToolsVersion = 11.2;
						TestTargetID = 085E13922644DB5D0074D9DC;
					};
				};
			};
			buildConfigurationList = 085E138E2644DB5D0074D9DC /* Build configuration list for PBXProject "AlarmLiveBackground" */;
			compatibilityVersion = "Xcode 9.3";
			developmentRegion = en;
			hasScannedForEncodings = 0;
			knownRegions = (
				en,
				Base,
			);
			mainGroup = 085E138A2644DB5D0074D9DC;
			productRefGroup = 085E13942644DB5D0074D9DC /* Products */;
			projectDirPath = "";
			projectRoot = "";
			targets = (
				085E13922644DB5D0074D9DC /* AlarmLiveBackground */,
				085E13AB2644DB5D0074D9DC /* AlarmLiveBackgroundTests */,
				085E13B62644DB5D0074D9DC /* AlarmLiveBackgroundUITests */,
			);
		};
/* End PBXProject section */

/* Begin PBXResourcesBuildPhase section */
		085E13912644DB5D0074D9DC /* Resources */ = {
			isa = PBXResourcesBuildPhase;
			buildActionMask = 2147483647;
			files = (
				085E13CC2644DB890074D9DC /* VideoWithBlock.mov in Resources */,
				085E13A62644DB5D0074D9DC /* LaunchScreen.storyboard in Resources */,
				085E13A32644DB5D0074D9DC /* Preview Assets.xcassets in Resources */,
				085E13A02644DB5D0074D9DC /* Assets.xcassets in Resources */,
			);
			runOnlyForDeploymentPostprocessing = 0;
		};
		085E13AA2644DB5D0074D9DC /* Resources */ = {
			isa = PBXResourcesBuildPhase;
			buildActionMask = 2147483647;
			files = (
			);
			runOnlyForDeploymentPostprocessing = 0;
		};
		085E13B52644DB5D0074D9DC /* Resources */ = {
			isa = PBXResourcesBuildPhase;
			buildActionMask = 2147483647;
			files = (
			);
			runOnlyForDeploymentPostprocessing = 0;
		};
/* End PBXResourcesBuildPhase section */

/* Begin PBXSourcesBuildPhase section */
		085E138F2644DB5D0074D9DC /* Sources */ = {
			isa = PBXSourcesBuildPhase;
			buildActionMask = 2147483647;
			files = (
				085E13972644DB5D0074D9DC /* AppDelegate.swift in Sources */,
				085E13992644DB5D0074D9DC /* SceneDelegate.swift in Sources */,
				085E139E2644DB5D0074D9DC /* ContentView.swift in Sources */,
				085E13CE2644DBC40074D9DC /* TimerManager.swift in Sources */,
				085E139C2644DB5D0074D9DC /* AlarmLiveBackground.xcdatamodeld in Sources */,
				085E13D02644DBCE0074D9DC /* BaseFound.swift in Sources */,
				085E13CA2644DB700074D9DC /* LoopingPlayer.swift in Sources */,
			);
			runOnlyForDeploymentPostprocessing = 0;
		};
		085E13A82644DB5D0074D9DC /* Sources */ = {
			isa = PBXSourcesBuildPhase;
			buildActionMask = 2147483647;
			files = (
				085E13B12644DB5D0074D9DC /* AlarmLiveBackgroundTests.swift in Sources */,
			);
			runOnlyForDeploymentPostprocessing = 0;
		};
		085E13B32644DB5D0074D9DC /* Sources */ = {
			isa = PBXSourcesBuildPhase;
			buildActionMask = 2147483647;
			files = (
				085E13BC2644DB5D0074D9DC /* AlarmLiveBackgroundUITests.swift in Sources */,
			);
			runOnlyForDeploymentPostprocessing = 0;
		};
/* End PBXSourcesBuildPhase section */

/* Begin PBXTargetDependency section */
		085E13AE2644DB5D0074D9DC /* PBXTargetDependency */ = {
			isa = PBXTargetDependency;
			target = 085E13922644DB5D0074D9DC /* AlarmLiveBackground */;
			targetProxy = 085E13AD2644DB5D0074D9DC /* PBXContainerItemProxy */;
		};
		085E13B92644DB5D0074D9DC /* PBXTargetDependency */ = {
			isa = PBXTargetDependency;
			target = 085E13922644DB5D0074D9DC /* AlarmLiveBackground */;
			targetProxy = 085E13B82644DB5D0074D9DC /* PBXContainerItemProxy */;
		};
/* End PBXTargetDependency section */

/* Begin PBXVariantGroup section */
		085E13A42644DB5D0074D9DC /* LaunchScreen.storyboard */ = {
			isa = PBXVariantGroup;
			children = (
				085E13A52644DB5D0074D9DC /* Base */,
			);
			name = LaunchScreen.storyboard;
			sourceTree = "<group>";
		};
/* End PBXVariantGroup section */

/* Begin XCBuildConfiguration section */
		085E13BE2644DB5D0074D9DC /* Debug */ = {
			isa = XCBuildConfiguration;
			buildSettings = {
				ALWAYS_SEARCH_USER_PATHS = NO;
				CLANG_ANALYZER_NONNULL = YES;
				CLANG_ANALYZER_NUMBER_OBJECT_CONVERSION = YES_AGGRESSIVE;
				CLANG_CXX_LANGUAGE_STANDARD = "gnu++14";
				CLANG_CXX_LIBRARY = "libc++";
				CLANG_ENABLE_MODULES = YES;
				CLANG_ENABLE_OBJC_ARC = YES;
				CLANG_ENABLE_OBJC_WEAK = YES;
				CLANG_WARN_BLOCK_CAPTURE_AUTORELEASING = YES;
				CLANG_WARN_BOOL_CONVERSION = YES;
				CLANG_WARN_COMMA = YES;
				CLANG_WARN_CONSTANT_CONVERSION = YES;
				CLANG_WARN_DEPRECATED_OBJC_IMPLEMENTATIONS = YES;
				CLANG_WARN_DIRECT_OBJC_ISA_USAGE = YES_ERROR;
				CLANG_WARN_DOCUMENTATION_COMMENTS = YES;
				CLANG_WARN_EMPTY_BODY = YES;
				CLANG_WARN_ENUM_CONVERSION = YES;
				CLANG_WARN_INFINITE_RECURSION = YES;
				CLANG_WARN_INT_CONVERSION = YES;
				CLANG_WARN_NON_LITERAL_NULL_CONVERSION = YES;
				CLANG_WARN_OBJC_IMPLICIT_RETAIN_SELF = YES;
				CLANG_WARN_OBJC_LITERAL_CONVERSION = YES;
				CLANG_WARN_OBJC_ROOT_CLASS = YES_ERROR;
				CLANG_WARN_RANGE_LOOP_ANALYSIS = YES;
				CLANG_WARN_STRICT_PROTOTYPES = YES;
				CLANG_WARN_SUSPICIOUS_MOVE = YES;
				CLANG_WARN_UNGUARDED_AVAILABILITY = YES_AGGRESSIVE;
				CLANG_WARN_UNREACHABLE_CODE = YES;
				CLANG_WARN__DUPLICATE_METHOD_MATCH = YES;
				COPY_PHASE_STRIP = NO;
				DEBUG_INFORMATION_FORMAT = dwarf;
				ENABLE_STRICT_OBJC_MSGSEND = YES;
				ENABLE_TESTABILITY = YES;
				GCC_C_LANGUAGE_STANDARD = gnu11;
				GCC_DYNAMIC_NO_PIC = NO;
				GCC_NO_COMMON_BLOCKS = YES;
				GCC_OPTIMIZATION_LEVEL = 0;
				GCC_PREPROCESSOR_DEFINITIONS = (
					"DEBUG=1",
					"$(inherited)",
				);
				GCC_WARN_64_TO_32_BIT_CONVERSION = YES;
				GCC_WARN_ABOUT_RETURN_TYPE = YES_ERROR;
				GCC_WARN_UNDECLARED_SELECTOR = YES;
				GCC_WARN_UNINITIALIZED_AUTOS = YES_AGGRESSIVE;
				GCC_WARN_UNUSED_FUNCTION = YES;
				GCC_WARN_UNUSED_VARIABLE = YES;
				IPHONEOS_DEPLOYMENT_TARGET = 13.2;
				MTL_ENABLE_DEBUG_INFO = INCLUDE_SOURCE;
				MTL_FAST_MATH = YES;
				ONLY_ACTIVE_ARCH = YES;
				SDKROOT = iphoneos;
				SWIFT_ACTIVE_COMPILATION_CONDITIONS = DEBUG;
				SWIFT_OPTIMIZATION_LEVEL = "-Onone";
			};
			name = Debug;
		};
		085E13BF2644DB5D0074D9DC /* Release */ = {
			isa = XCBuildConfiguration;
			buildSettings = {
				ALWAYS_SEARCH_USER_PATHS = NO;
				CLANG_ANALYZER_NONNULL = YES;
				CLANG_ANALYZER_NUMBER_OBJECT_CONVERSION = YES_AGGRESSIVE;
				CLANG_CXX_LANGUAGE_STANDARD = "gnu++14";
				CLANG_CXX_LIBRARY = "libc++";
				CLANG_ENABLE_MODULES = YES;
				CLANG_ENABLE_OBJC_ARC = YES;
				CLANG_ENABLE_OBJC_WEAK = YES;
				CLANG_WARN_BLOCK_CAPTURE_AUTORELEASING = YES;
				CLANG_WARN_BOOL_CONVERSION = YES;
				CLANG_WARN_COMMA = YES;
				CLANG_WARN_CONSTANT_CONVERSION = YES;
				CLANG_WARN_DEPRECATED_OBJC_IMPLEMENTATIONS = YES;
				CLANG_WARN_DIRECT_OBJC_ISA_USAGE = YES_ERROR;
				CLANG_WARN_DOCUMENTATION_COMMENTS = YES;
				CLANG_WARN_EMPTY_BODY = YES;
				CLANG_WARN_ENUM_CONVERSION = YES;
				CLANG_WARN_INFINITE_RECURSION = YES;
				CLANG_WARN_INT_CONVERSION = YES;
				CLANG_WARN_NON_LITERAL_NULL_CONVERSION = YES;
				CLANG_WARN_OBJC_IMPLICIT_RETAIN_SELF = YES;
				CLANG_WARN_OBJC_LITERAL_CONVERSION = YES;
				CLANG_WARN_OBJC_ROOT_CLASS = YES_ERROR;
				CLANG_WARN_RANGE_LOOP_ANALYSIS = YES;
				CLANG_WARN_STRICT_PROTOTYPES = YES;
				CLANG_WARN_SUSPICIOUS_MOVE = YES;
				CLANG_WARN_UNGUARDED_AVAILABILITY = YES_AGGRESSIVE;
				CLANG_WARN_UNREACHABLE_CODE = YES;
				CLANG_WARN__DUPLICATE_METHOD_MATCH = YES;
				COPY_PHASE_STRIP = NO;
				DEBUG_INFORMATION_FORMAT = "dwarf-with-dsym";
				ENABLE_NS_ASSERTIONS = NO;
				ENABLE_STRICT_OBJC_MSGSEND = YES;
				GCC_C_LANGUAGE_STANDARD = gnu11;
				GCC_NO_COMMON_BLOCKS = YES;
				GCC_WARN_64_TO_32_BIT_CONVERSION = YES;
				GCC_WARN_ABOUT_RETURN_TYPE = YES_ERROR;
				GCC_WARN_UNDECLARED_SELECTOR = YES;
				GCC_WARN_UNINITIALIZED_AUTOS = YES_AGGRESSIVE;
				GCC_WARN_UNUSED_FUNCTION = YES;
				GCC_WARN_UNUSED_VARIABLE = YES;
				IPHONEOS_DEPLOYMENT_TARGET = 13.2;
				MTL_ENABLE_DEBUG_INFO = NO;
				MTL_FAST_MATH = YES;
				SDKROOT = iphoneos;
				SWIFT_COMPILATION_MODE = wholemodule;
				SWIFT_OPTIMIZATION_LEVEL = "-O";
				VALIDATE_PRODUCT = YES;
			};
			name = Release;
		};
		085E13C12644DB5D0074D9DC /* Debug */ = {
			isa = XCBuildConfiguration;
			buildSettings = {
				ASSETCATALOG_COMPILER_APPICON_NAME = AppIcon;
				CODE_SIGN_STYLE = Automatic;
				DEVELOPMENT_ASSET_PATHS = "\"AlarmLiveBackground/Preview Content\"";
				ENABLE_PREVIEWS = YES;
				INFOPLIST_FILE = AlarmLiveBackground/Info.plist;
				LD_RUNPATH_SEARCH_PATHS = (
					"$(inherited)",
					"@executable_path/Frameworks",
				);
				PRODUCT_BUNDLE_IDENTIFIER = lab.AlarmLiveBackground;
				PRODUCT_NAME = "$(TARGET_NAME)";
				SWIFT_VERSION = 5.0;
				TARGETED_DEVICE_FAMILY = "1,2";
			};
			name = Debug;
		};
		085E13C22644DB5D0074D9DC /* Release */ = {
			isa = XCBuildConfiguration;
			buildSettings = {
				ASSETCATALOG_COMPILER_APPICON_NAME = AppIcon;
				CODE_SIGN_STYLE = Automatic;
				DEVELOPMENT_ASSET_PATHS = "\"AlarmLiveBackground/Preview Content\"";
				ENABLE_PREVIEWS = YES;
				INFOPLIST_FILE = AlarmLiveBackground/Info.plist;
				LD_RUNPATH_SEARCH_PATHS = (
					"$(inherited)",
					"@executable_path/Frameworks",
				);
				PRODUCT_BUNDLE_IDENTIFIER = lab.AlarmLiveBackground;
				PRODUCT_NAME = "$(TARGET_NAME)";
				SWIFT_VERSION = 5.0;
				TARGETED_DEVICE_FAMILY = "1,2";
			};
			name = Release;
		};
		085E13C42644DB5D0074D9DC /* Debug */ = {
			isa = XCBuildConfiguration;
			buildSettings = {
				ALWAYS_EMBED_SWIFT_STANDARD_LIBRARIES = YES;
				BUNDLE_LOADER = "$(TEST_HOST)";
				CODE_SIGN_STYLE = Automatic;
				INFOPLIST_FILE = AlarmLiveBackgroundTests/Info.plist;
				IPHONEOS_DEPLOYMENT_TARGET = 13.2;
				LD_RUNPATH_SEARCH_PATHS = (
					"$(inherited)",
					"@executable_path/Frameworks",
					"@loader_path/Frameworks",
				);
				PRODUCT_BUNDLE_IDENTIFIER = lab.AlarmLiveBackgroundTests;
				PRODUCT_NAME = "$(TARGET_NAME)";
				SWIFT_VERSION = 5.0;
				TARGETED_DEVICE_FAMILY = "1,2";
				TEST_HOST = "$(BUILT_PRODUCTS_DIR)/AlarmLiveBackground.app/AlarmLiveBackground";
			};
			name = Debug;
		};
		085E13C52644DB5D0074D9DC /* Release */ = {
			isa = XCBuildConfiguration;
			buildSettings = {
				ALWAYS_EMBED_SWIFT_STANDARD_LIBRARIES = YES;
				BUNDLE_LOADER = "$(TEST_HOST)";
				CODE_SIGN_STYLE = Automatic;
				INFOPLIST_FILE = AlarmLiveBackgroundTests/Info.plist;
				IPHONEOS_DEPLOYMENT_TARGET = 13.2;
				LD_RUNPATH_SEARCH_PATHS = (
					"$(inherited)",
					"@executable_path/Frameworks",
					"@loader_path/Frameworks",
				);
				PRODUCT_BUNDLE_IDENTIFIER = lab.AlarmLiveBackgroundTests;
				PRODUCT_NAME = "$(TARGET_NAME)";
				SWIFT_VERSION = 5.0;
				TARGETED_DEVICE_FAMILY = "1,2";
				TEST_HOST = "$(BUILT_PRODUCTS_DIR)/AlarmLiveBackground.app/AlarmLiveBackground";
			};
			name = Release;
		};
		085E13C72644DB5D0074D9DC /* Debug */ = {
			isa = XCBuildConfiguration;
			buildSettings = {
				ALWAYS_EMBED_SWIFT_STANDARD_LIBRARIES = YES;
				CODE_SIGN_STYLE = Automatic;
				INFOPLIST_FILE = AlarmLiveBackgroundUITests/Info.plist;
				LD_RUNPATH_SEARCH_PATHS = (
					"$(inherited)",
					"@executable_path/Frameworks",
					"@loader_path/Frameworks",
				);
				PRODUCT_BUNDLE_IDENTIFIER = lab.AlarmLiveBackgroundUITests;
				PRODUCT_NAME = "$(TARGET_NAME)";
				SWIFT_VERSION = 5.0;
				TARGETED_DEVICE_FAMILY = "1,2";
				TEST_TARGET_NAME = AlarmLiveBackground;
			};
			name = Debug;
		};
		085E13C82644DB5D0074D9DC /* Release */ = {
			isa = XCBuildConfiguration;
			buildSettings = {
				ALWAYS_EMBED_SWIFT_STANDARD_LIBRARIES = YES;
				CODE_SIGN_STYLE = Automatic;
				INFOPLIST_FILE = AlarmLiveBackgroundUITests/Info.plist;
				LD_RUNPATH_SEARCH_PATHS = (
					"$(inherited)",
					"@executable_path/Frameworks",
					"@loader_path/Frameworks",
				);
				PRODUCT_BUNDLE_IDENTIFIER = lab.AlarmLiveBackgroundUITests;
				PRODUCT_NAME = "$(TARGET_NAME)";
				SWIFT_VERSION = 5.0;
				TARGETED_DEVICE_FAMILY = "1,2";
				TEST_TARGET_NAME = AlarmLiveBackground;
			};
			name = Release;
		};
/* End XCBuildConfiguration section */

/* Begin XCConfigurationList section */
		085E138E2644DB5D0074D9DC /* Build configuration list for PBXProject "AlarmLiveBackground" */ = {
			isa = XCConfigurationList;
			buildConfigurations = (
				085E13BE2644DB5D0074D9DC /* Debug */,
				085E13BF2644DB5D0074D9DC /* Release */,
			);
			defaultConfigurationIsVisible = 0;
			defaultConfigurationName = Release;
		};
		085E13C02644DB5D0074D9DC /* Build configuration list for PBXNativeTarget "AlarmLiveBackground" */ = {
			isa = XCConfigurationList;
			buildConfigurations = (
				085E13C12644DB5D0074D9DC /* Debug */,
				085E13C22644DB5D0074D9DC /* Release */,
			);
			defaultConfigurationIsVisible = 0;
			defaultConfigurationName = Release;
		};
		085E13C32644DB5D0074D9DC /* Build configuration list for PBXNativeTarget "AlarmLiveBackgroundTests" */ = {
			isa = XCConfigurationList;
			buildConfigurations = (
				085E13C42644DB5D0074D9DC /* Debug */,
				085E13C52644DB5D0074D9DC /* Release */,
			);
			defaultConfigurationIsVisible = 0;
			defaultConfigurationName = Release;
		};
		085E13C62644DB5D0074D9DC /* Build configuration list for PBXNativeTarget "AlarmLiveBackgroundUITests" */ = {
			isa = XCConfigurationList;
			buildConfigurations = (
				085E13C72644DB5D0074D9DC /* Debug */,
				085E13C82644DB5D0074D9DC /* Release */,
			);
			defaultConfigurationIsVisible = 0;
			defaultConfigurationName = Release;
		};
/* End XCConfigurationList section */

/* Begin XCVersionGroup section */
		085E139A2644DB5D0074D9DC /* AlarmLiveBackground.xcdatamodeld */ = {
			isa = XCVersionGroup;
			children = (
				085E139B2644DB5D0074D9DC /* AlarmLiveBackground.xcdatamodel */,
			);
			currentVersion = 085E139B2644DB5D0074D9DC /* AlarmLiveBackground.xcdatamodel */;
			path = AlarmLiveBackground.xcdatamodeld;
			sourceTree = "<group>";
			versionGroupType = wrapper.xcdatamodel;
		};
/* End XCVersionGroup section */
	};
	rootObject = 085E138B2644DB5D0074D9DC /* Project object */;
}
