// !$*UTF8*$!
{
	archiveVersion = 1;
	classes = {
	};
	objectVersion = 50;
	objects = {

/* Begin PBXBuildFile section */
		08C93F732632CA6A00FDC89A /* AppDelegate.swift in Sources */ = {isa = PBXBuildFile; fileRef = 08C93F722632CA6A00FDC89A /* AppDelegate.swift */; };
		08C93F752632CA6A00FDC89A /* SceneDelegate.swift in Sources */ = {isa = PBXBuildFile; fileRef = 08C93F742632CA6A00FDC89A /* SceneDelegate.swift */; };
		08C93F772632CA6A00FDC89A /* EmojiMemoryGameView.swift in Sources */ = {isa = PBXBuildFile; fileRef = 08C93F762632CA6A00FDC89A /* EmojiMemoryGameView.swift */; };
		08C93F792632CA6B00FDC89A /* Assets.xcassets in Resources */ = {isa = PBXBuildFile; fileRef = 08C93F782632CA6B00FDC89A /* Assets.xcassets */; };
		08C93F7C2632CA6B00FDC89A /* Preview Assets.xcassets in Resources */ = {isa = PBXBuildFile; fileRef = 08C93F7B2632CA6B00FDC89A /* Preview Assets.xcassets */; };
		08C93F7F2632CA6B00FDC89A /* LaunchScreen.storyboard in Resources */ = {isa = PBXBuildFile; fileRef = 08C93F7D2632CA6B00FDC89A /* LaunchScreen.storyboard */; };
		08C93F8A2632CA6B00FDC89A /* MemoriseTests.swift in Sources */ = {isa = PBXBuildFile; fileRef = 08C93F892632CA6B00FDC89A /* MemoriseTests.swift */; };
		08C93F952632CA6B00FDC89A /* MemoriseUITests.swift in Sources */ = {isa = PBXBuildFile; fileRef = 08C93F942632CA6B00FDC89A /* MemoriseUITests.swift */; };
		08C93FA32632FDA400FDC89A /* MemoryGame.swift in Sources */ = {isa = PBXBuildFile; fileRef = 08C93FA22632FDA400FDC89A /* MemoryGame.swift */; };
		08C93FA52632FF5700FDC89A /* EmojiMemoryGame.swift in Sources */ = {isa = PBXBuildFile; fileRef = 08C93FA42632FF5700FDC89A /* EmojiMemoryGame.swift */; };
/* End PBXBuildFile section */

/* Begin PBXContainerItemProxy section */
		08C93F862632CA6B00FDC89A /* PBXContainerItemProxy */ = {
			isa = PBXContainerItemProxy;
			containerPortal = 08C93F672632CA6A00FDC89A /* Project object */;
			proxyType = 1;
			remoteGlobalIDString = 08C93F6E2632CA6A00FDC89A;
			remoteInfo = Memorise;
		};
		08C93F912632CA6B00FDC89A /* PBXContainerItemProxy */ = {
			isa = PBXContainerItemProxy;
			containerPortal = 08C93F672632CA6A00FDC89A /* Project object */;
			proxyType = 1;
			remoteGlobalIDString = 08C93F6E2632CA6A00FDC89A;
			remoteInfo = Memorise;
		};
/* End PBXContainerItemProxy section */

/* Begin PBXFileReference section */
		08C93F6F2632CA6A00FDC89A /* Memorise.app */ = {isa = PBXFileReference; explicitFileType = wrapper.application; includeInIndex = 0; path = Memorise.app; sourceTree = BUILT_PRODUCTS_DIR; };
		08C93F722632CA6A00FDC89A /* AppDelegate.swift */ = {isa = PBXFileReference; lastKnownFileType = sourcecode.swift; path = AppDelegate.swift; sourceTree = "<group>"; };
		08C93F742632CA6A00FDC89A /* SceneDelegate.swift */ = {isa = PBXFileReference; lastKnownFileType = sourcecode.swift; path = SceneDelegate.swift; sourceTree = "<group>"; };
		08C93F762632CA6A00FDC89A /* EmojiMemoryGameView.swift */ = {isa = PBXFileReference; lastKnownFileType = sourcecode.swift; path = EmojiMemoryGameView.swift; sourceTree = "<group>"; };
		08C93F782632CA6B00FDC89A /* Assets.xcassets */ = {isa = PBXFileReference; lastKnownFileType = folder.assetcatalog; path = Assets.xcassets; sourceTree = "<group>"; };
		08C93F7B2632CA6B00FDC89A /* Preview Assets.xcassets */ = {isa = PBXFileReference; lastKnownFileType = folder.assetcatalog; path = "Preview Assets.xcassets"; sourceTree = "<group>"; };
		08C93F7E2632CA6B00FDC89A /* Base */ = {isa = PBXFileReference; lastKnownFileType = file.storyboard; name = Base; path = Base.lproj/LaunchScreen.storyboard; sourceTree = "<group>"; };
		08C93F802632CA6B00FDC89A /* Info.plist */ = {isa = PBXFileReference; lastKnownFileType = text.plist.xml; path = Info.plist; sourceTree = "<group>"; };
		08C93F852632CA6B00FDC89A /* MemoriseTests.xctest */ = {isa = PBXFileReference; explicitFileType = wrapper.cfbundle; includeInIndex = 0; path = MemoriseTests.xctest; sourceTree = BUILT_PRODUCTS_DIR; };
		08C93F892632CA6B00FDC89A /* MemoriseTests.swift */ = {isa = PBXFileReference; lastKnownFileType = sourcecode.swift; path = MemoriseTests.swift; sourceTree = "<group>"; };
		08C93F8B2632CA6B00FDC89A /* Info.plist */ = {isa = PBXFileReference; lastKnownFileType = text.plist.xml; path = Info.plist; sourceTree = "<group>"; };
		08C93F902632CA6B00FDC89A /* MemoriseUITests.xctest */ = {isa = PBXFileReference; explicitFileType = wrapper.cfbundle; includeInIndex = 0; path = MemoriseUITests.xctest; sourceTree = BUILT_PRODUCTS_DIR; };
		08C93F942632CA6B00FDC89A /* MemoriseUITests.swift */ = {isa = PBXFileReference; lastKnownFileType = sourcecode.swift; path = MemoriseUITests.swift; sourceTree = "<group>"; };
		08C93F962632CA6B00FDC89A /* Info.plist */ = {isa = PBXFileReference; lastKnownFileType = text.plist.xml; path = Info.plist; sourceTree = "<group>"; };
		08C93FA22632FDA400FDC89A /* MemoryGame.swift */ = {isa = PBXFileReference; lastKnownFileType = sourcecode.swift; path = MemoryGame.swift; sourceTree = "<group>"; };
		08C93FA42632FF5700FDC89A /* EmojiMemoryGame.swift */ = {isa = PBXFileReference; lastKnownFileType = sourcecode.swift; path = EmojiMemoryGame.swift; sourceTree = "<group>"; };
/* End PBXFileReference section */

/* Begin PBXFrameworksBuildPhase section */
		08C93F6C2632CA6A00FDC89A /* Frameworks */ = {
			isa = PBXFrameworksBuildPhase;
			buildActionMask = 2147483647;
			files = (
			);
			runOnlyForDeploymentPostprocessing = 0;
		};
		08C93F822632CA6B00FDC89A /* Frameworks */ = {
			isa = PBXFrameworksBuildPhase;
			buildActionMask = 2147483647;
			files = (
			);
			runOnlyForDeploymentPostprocessing = 0;
		};
		08C93F8D2632CA6B00FDC89A /* Frameworks */ = {
			isa = PBXFrameworksBuildPhase;
			buildActionMask = 2147483647;
			files = (
			);
			runOnlyForDeploymentPostprocessing = 0;
		};
/* End PBXFrameworksBuildPhase section */

/* Begin PBXGroup section */
		08C93F662632CA6A00FDC89A = {
			isa = PBXGroup;
			children = (
				08C93F712632CA6A00FDC89A /* Memorise */,
				08C93F882632CA6B00FDC89A /* MemoriseTests */,
				08C93F932632CA6B00FDC89A /* MemoriseUITests */,
				08C93F702632CA6A00FDC89A /* Products */,
			);
			sourceTree = "<group>";
		};
		08C93F702632CA6A00FDC89A /* Products */ = {
			isa = PBXGroup;
			children = (
				08C93F6F2632CA6A00FDC89A /* Memorise.app */,
				08C93F852632CA6B00FDC89A /* MemoriseTests.xctest */,
				08C93F902632CA6B00FDC89A /* MemoriseUITests.xctest */,
			);
			name = Products;
			sourceTree = "<group>";
		};
		08C93F712632CA6A00FDC89A /* Memorise */ = {
			isa = PBXGroup;
			children = (
				08C93F722632CA6A00FDC89A /* AppDelegate.swift */,
				08C93F742632CA6A00FDC89A /* SceneDelegate.swift */,
				08C93F762632CA6A00FDC89A /* EmojiMemoryGameView.swift */,
				08C93FA22632FDA400FDC89A /* MemoryGame.swift */,
				08C93FA42632FF5700FDC89A /* EmojiMemoryGame.swift */,
				08C93F782632CA6B00FDC89A /* Assets.xcassets */,
				08C93F7D2632CA6B00FDC89A /* LaunchScreen.storyboard */,
				08C93F802632CA6B00FDC89A /* Info.plist */,
				08C93F7A2632CA6B00FDC89A /* Preview Content */,
			);
			path = Memorise;
			sourceTree = "<group>";
		};
		08C93F7A2632CA6B00FDC89A /* Preview Content */ = {
			isa = PBXGroup;
			children = (
				08C93F7B2632CA6B00FDC89A /* Preview Assets.xcassets */,
			);
			path = "Preview Content";
			sourceTree = "<group>";
		};
		08C93F882632CA6B00FDC89A /* MemoriseTests */ = {
			isa = PBXGroup;
			children = (
				08C93F892632CA6B00FDC89A /* MemoriseTests.swift */,
				08C93F8B2632CA6B00FDC89A /* Info.plist */,
			);
			path = MemoriseTests;
			sourceTree = "<group>";
		};
		08C93F932632CA6B00FDC89A /* MemoriseUITests */ = {
			isa = PBXGroup;
			children = (
				08C93F942632CA6B00FDC89A /* MemoriseUITests.swift */,
				08C93F962632CA6B00FDC89A /* Info.plist */,
			);
			path = MemoriseUITests;
			sourceTree = "<group>";
		};
/* End PBXGroup section */

/* Begin PBXNativeTarget section */
		08C93F6E2632CA6A00FDC89A /* Memorise */ = {
			isa = PBXNativeTarget;
			buildConfigurationList = 08C93F992632CA6B00FDC89A /* Build configuration list for PBXNativeTarget "Memorise" */;
			buildPhases = (
				08C93F6B2632CA6A00FDC89A /* Sources */,
				08C93F6C2632CA6A00FDC89A /* Frameworks */,
				08C93F6D2632CA6A00FDC89A /* Resources */,
			);
			buildRules = (
			);
			dependencies = (
			);
			name = Memorise;
			productName = Memorise;
			productReference = 08C93F6F2632CA6A00FDC89A /* Memorise.app */;
			productType = "com.apple.product-type.application";
		};
		08C93F842632CA6B00FDC89A /* MemoriseTests */ = {
			isa = PBXNativeTarget;
			buildConfigurationList = 08C93F9C2632CA6B00FDC89A /* Build configuration list for PBXNativeTarget "MemoriseTests" */;
			buildPhases = (
				08C93F812632CA6B00FDC89A /* Sources */,
				08C93F822632CA6B00FDC89A /* Frameworks */,
				08C93F832632CA6B00FDC89A /* Resources */,
			);
			buildRules = (
			);
			dependencies = (
				08C93F872632CA6B00FDC89A /* PBXTargetDependency */,
			);
			name = MemoriseTests;
			productName = MemoriseTests;
			productReference = 08C93F852632CA6B00FDC89A /* MemoriseTests.xctest */;
			productType = "com.apple.product-type.bundle.unit-test";
		};
		08C93F8F2632CA6B00FDC89A /* MemoriseUITests */ = {
			isa = PBXNativeTarget;
			buildConfigurationList = 08C93F9F2632CA6B00FDC89A /* Build configuration list for PBXNativeTarget "MemoriseUITests" */;
			buildPhases = (
				08C93F8C2632CA6B00FDC89A /* Sources */,
				08C93F8D2632CA6B00FDC89A /* Frameworks */,
				08C93F8E2632CA6B00FDC89A /* Resources */,
			);
			buildRules = (
			);
			dependencies = (
				08C93F922632CA6B00FDC89A /* PBXTargetDependency */,
			);
			name = MemoriseUITests;
			productName = MemoriseUITests;
			productReference = 08C93F902632CA6B00FDC89A /* MemoriseUITests.xctest */;
			productType = "com.apple.product-type.bundle.ui-testing";
		};
/* End PBXNativeTarget section */

/* Begin PBXProject section */
		08C93F672632CA6A00FDC89A /* Project object */ = {
			isa = PBXProject;
			attributes = {
				LastSwiftUpdateCheck = 1120;
				LastUpgradeCheck = 1120;
				ORGANIZATIONNAME = Sabir;
				TargetAttributes = {
					08C93F6E2632CA6A00FDC89A = {
						CreatedOnToolsVersion = 11.2;
					};
					08C93F842632CA6B00FDC89A = {
						CreatedOnToolsVersion = 11.2;
						TestTargetID = 08C93F6E2632CA6A00FDC89A;
					};
					08C93F8F2632CA6B00FDC89A = {
						CreatedOnToolsVersion = 11.2;
						TestTargetID = 08C93F6E2632CA6A00FDC89A;
					};
				};
			};
			buildConfigurationList = 08C93F6A2632CA6A00FDC89A /* Build configuration list for PBXProject "Memorise" */;
			compatibilityVersion = "Xcode 9.3";
			developmentRegion = en;
			hasScannedForEncodings = 0;
			knownRegions = (
				en,
				Base,
			);
			mainGroup = 08C93F662632CA6A00FDC89A;
			productRefGroup = 08C93F702632CA6A00FDC89A /* Products */;
			projectDirPath = "";
			projectRoot = "";
			targets = (
				08C93F6E2632CA6A00FDC89A /* Memorise */,
				08C93F842632CA6B00FDC89A /* MemoriseTests */,
				08C93F8F2632CA6B00FDC89A /* MemoriseUITests */,
			);
		};
/* End PBXProject section */

/* Begin PBXResourcesBuildPhase section */
		08C93F6D2632CA6A00FDC89A /* Resources */ = {
			isa = PBXResourcesBuildPhase;
			buildActionMask = 2147483647;
			files = (
				08C93F7F2632CA6B00FDC89A /* LaunchScreen.storyboard in Resources */,
				08C93F7C2632CA6B00FDC89A /* Preview Assets.xcassets in Resources */,
				08C93F792632CA6B00FDC89A /* Assets.xcassets in Resources */,
			);
			runOnlyForDeploymentPostprocessing = 0;
		};
		08C93F832632CA6B00FDC89A /* Resources */ = {
			isa = PBXResourcesBuildPhase;
			buildActionMask = 2147483647;
			files = (
			);
			runOnlyForDeploymentPostprocessing = 0;
		};
		08C93F8E2632CA6B00FDC89A /* Resources */ = {
			isa = PBXResourcesBuildPhase;
			buildActionMask = 2147483647;
			files = (
			);
			runOnlyForDeploymentPostprocessing = 0;
		};
/* End PBXResourcesBuildPhase section */

/* Begin PBXSourcesBuildPhase section */
		08C93F6B2632CA6A00FDC89A /* Sources */ = {
			isa = PBXSourcesBuildPhase;
			buildActionMask = 2147483647;
			files = (
				08C93F732632CA6A00FDC89A /* AppDelegate.swift in Sources */,
				08C93F752632CA6A00FDC89A /* SceneDelegate.swift in Sources */,
				08C93FA32632FDA400FDC89A /* MemoryGame.swift in Sources */,
				08C93F772632CA6A00FDC89A /* EmojiMemoryGameView.swift in Sources */,
				08C93FA52632FF5700FDC89A /* EmojiMemoryGame.swift in Sources */,
			);
			runOnlyForDeploymentPostprocessing = 0;
		};
		08C93F812632CA6B00FDC89A /* Sources */ = {
			isa = PBXSourcesBuildPhase;
			buildActionMask = 2147483647;
			files = (
				08C93F8A2632CA6B00FDC89A /* MemoriseTests.swift in Sources */,
			);
			runOnlyForDeploymentPostprocessing = 0;
		};
		08C93F8C2632CA6B00FDC89A /* Sources */ = {
			isa = PBXSourcesBuildPhase;
			buildActionMask = 2147483647;
			files = (
				08C93F952632CA6B00FDC89A /* MemoriseUITests.swift in Sources */,
			);
			runOnlyForDeploymentPostprocessing = 0;
		};
/* End PBXSourcesBuildPhase section */

/* Begin PBXTargetDependency section */
		08C93F872632CA6B00FDC89A /* PBXTargetDependency */ = {
			isa = PBXTargetDependency;
			target = 08C93F6E2632CA6A00FDC89A /* Memorise */;
			targetProxy = 08C93F862632CA6B00FDC89A /* PBXContainerItemProxy */;
		};
		08C93F922632CA6B00FDC89A /* PBXTargetDependency */ = {
			isa = PBXTargetDependency;
			target = 08C93F6E2632CA6A00FDC89A /* Memorise */;
			targetProxy = 08C93F912632CA6B00FDC89A /* PBXContainerItemProxy */;
		};
/* End PBXTargetDependency section */

/* Begin PBXVariantGroup section */
		08C93F7D2632CA6B00FDC89A /* LaunchScreen.storyboard */ = {
			isa = PBXVariantGroup;
			children = (
				08C93F7E2632CA6B00FDC89A /* Base */,
			);
			name = LaunchScreen.storyboard;
			sourceTree = "<group>";
		};
/* End PBXVariantGroup section */

/* Begin XCBuildConfiguration section */
		08C93F972632CA6B00FDC89A /* Debug */ = {
			isa = XCBuildConfiguration;
			buildSettings = {
				ALWAYS_SEARCH_USER_PATHS = NO;
				CLANG_ANALYZER_NONNULL = YES;
				CLANG_ANALYZER_NUMBER_OBJECT_CONVERSION = YES_AGGRESSIVE;
				CLANG_CXX_LANGUAGE_STANDARD = "gnu++14";
				CLANG_CXX_LIBRARY = "libc++";
				CLANG_ENABLE_MODULES = YES;
				CLANG_ENABLE_OBJC_ARC = YES;
				CLANG_ENABLE_OBJC_WEAK = YES;
				CLANG_WARN_BLOCK_CAPTURE_AUTORELEASING = YES;
				CLANG_WARN_BOOL_CONVERSION = YES;
				CLANG_WARN_COMMA = YES;
				CLANG_WARN_CONSTANT_CONVERSION = YES;
				CLANG_WARN_DEPRECATED_OBJC_IMPLEMENTATIONS = YES;
				CLANG_WARN_DIRECT_OBJC_ISA_USAGE = YES_ERROR;
				CLANG_WARN_DOCUMENTATION_COMMENTS = YES;
				CLANG_WARN_EMPTY_BODY = YES;
				CLANG_WARN_ENUM_CONVERSION = YES;
				CLANG_WARN_INFINITE_RECURSION = YES;
				CLANG_WARN_INT_CONVERSION = YES;
				CLANG_WARN_NON_LITERAL_NULL_CONVERSION = YES;
				CLANG_WARN_OBJC_IMPLICIT_RETAIN_SELF = YES;
				CLANG_WARN_OBJC_LITERAL_CONVERSION = YES;
				CLANG_WARN_OBJC_ROOT_CLASS = YES_ERROR;
				CLANG_WARN_RANGE_LOOP_ANALYSIS = YES;
				CLANG_WARN_STRICT_PROTOTYPES = YES;
				CLANG_WARN_SUSPICIOUS_MOVE = YES;
				CLANG_WARN_UNGUARDED_AVAILABILITY = YES_AGGRESSIVE;
				CLANG_WARN_UNREACHABLE_CODE = YES;
				CLANG_WARN__DUPLICATE_METHOD_MATCH = YES;
				COPY_PHASE_STRIP = NO;
				DEBUG_INFORMATION_FORMAT = dwarf;
				ENABLE_STRICT_OBJC_MSGSEND = YES;
				ENABLE_TESTABILITY = YES;
				GCC_C_LANGUAGE_STANDARD = gnu11;
				GCC_DYNAMIC_NO_PIC = NO;
				GCC_NO_COMMON_BLOCKS = YES;
				GCC_OPTIMIZATION_LEVEL = 0;
				GCC_PREPROCESSOR_DEFINITIONS = (
					"DEBUG=1",
					"$(inherited)",
				);
				GCC_WARN_64_TO_32_BIT_CONVERSION = YES;
				GCC_WARN_ABOUT_RETURN_TYPE = YES_ERROR;
				GCC_WARN_UNDECLARED_SELECTOR = YES;
				GCC_WARN_UNINITIALIZED_AUTOS = YES_AGGRESSIVE;
				GCC_WARN_UNUSED_FUNCTION = YES;
				GCC_WARN_UNUSED_VARIABLE = YES;
				IPHONEOS_DEPLOYMENT_TARGET = 13.2;
				MTL_ENABLE_DEBUG_INFO = INCLUDE_SOURCE;
				MTL_FAST_MATH = YES;
				ONLY_ACTIVE_ARCH = YES;
				SDKROOT = iphoneos;
				SWIFT_ACTIVE_COMPILATION_CONDITIONS = DEBUG;
				SWIFT_OPTIMIZATION_LEVEL = "-Onone";
			};
			name = Debug;
		};
		08C93F982632CA6B00FDC89A /* Release */ = {
			isa = XCBuildConfiguration;
			buildSettings = {
				ALWAYS_SEARCH_USER_PATHS = NO;
				CLANG_ANALYZER_NONNULL = YES;
				CLANG_ANALYZER_NUMBER_OBJECT_CONVERSION = YES_AGGRESSIVE;
				CLANG_CXX_LANGUAGE_STANDARD = "gnu++14";
				CLANG_CXX_LIBRARY = "libc++";
				CLANG_ENABLE_MODULES = YES;
				CLANG_ENABLE_OBJC_ARC = YES;
				CLANG_ENABLE_OBJC_WEAK = YES;
				CLANG_WARN_BLOCK_CAPTURE_AUTORELEASING = YES;
				CLANG_WARN_BOOL_CONVERSION = YES;
				CLANG_WARN_COMMA = YES;
				CLANG_WARN_CONSTANT_CONVERSION = YES;
				CLANG_WARN_DEPRECATED_OBJC_IMPLEMENTATIONS = YES;
				CLANG_WARN_DIRECT_OBJC_ISA_USAGE = YES_ERROR;
				CLANG_WARN_DOCUMENTATION_COMMENTS = YES;
				CLANG_WARN_EMPTY_BODY = YES;
				CLANG_WARN_ENUM_CONVERSION = YES;
				CLANG_WARN_INFINITE_RECURSION = YES;
				CLANG_WARN_INT_CONVERSION = YES;
				CLANG_WARN_NON_LITERAL_NULL_CONVERSION = YES;
				CLANG_WARN_OBJC_IMPLICIT_RETAIN_SELF = YES;
				CLANG_WARN_OBJC_LITERAL_CONVERSION = YES;
				CLANG_WARN_OBJC_ROOT_CLASS = YES_ERROR;
				CLANG_WARN_RANGE_LOOP_ANALYSIS = YES;
				CLANG_WARN_STRICT_PROTOTYPES = YES;
				CLANG_WARN_SUSPICIOUS_MOVE = YES;
				CLANG_WARN_UNGUARDED_AVAILABILITY = YES_AGGRESSIVE;
				CLANG_WARN_UNREACHABLE_CODE = YES;
				CLANG_WARN__DUPLICATE_METHOD_MATCH = YES;
				COPY_PHASE_STRIP = NO;
				DEBUG_INFORMATION_FORMAT = "dwarf-with-dsym";
				ENABLE_NS_ASSERTIONS = NO;
				ENABLE_STRICT_OBJC_MSGSEND = YES;
				GCC_C_LANGUAGE_STANDARD = gnu11;
				GCC_NO_COMMON_BLOCKS = YES;
				GCC_WARN_64_TO_32_BIT_CONVERSION = YES;
				GCC_WARN_ABOUT_RETURN_TYPE = YES_ERROR;
				GCC_WARN_UNDECLARED_SELECTOR = YES;
				GCC_WARN_UNINITIALIZED_AUTOS = YES_AGGRESSIVE;
				GCC_WARN_UNUSED_FUNCTION = YES;
				GCC_WARN_UNUSED_VARIABLE = YES;
				IPHONEOS_DEPLOYMENT_TARGET = 13.2;
				MTL_ENABLE_DEBUG_INFO = NO;
				MTL_FAST_MATH = YES;
				SDKROOT = iphoneos;
				SWIFT_COMPILATION_MODE = wholemodule;
				SWIFT_OPTIMIZATION_LEVEL = "-O";
				VALIDATE_PRODUCT = YES;
			};
			name = Release;
		};
		08C93F9A2632CA6B00FDC89A /* Debug */ = {
			isa = XCBuildConfiguration;
			buildSettings = {
				ASSETCATALOG_COMPILER_APPICON_NAME = AppIcon;
				CODE_SIGN_STYLE = Automatic;
				DEVELOPMENT_ASSET_PATHS = "\"Memorise/Preview Content\"";
				ENABLE_PREVIEWS = YES;
				INFOPLIST_FILE = Memorise/Info.plist;
				LD_RUNPATH_SEARCH_PATHS = (
					"$(inherited)",
					"@executable_path/Frameworks",
				);
				PRODUCT_BUNDLE_IDENTIFIER = lab.Memorise;
				PRODUCT_NAME = "$(TARGET_NAME)";
				SWIFT_VERSION = 5.0;
				TARGETED_DEVICE_FAMILY = "1,2";
			};
			name = Debug;
		};
		08C93F9B2632CA6B00FDC89A /* Release */ = {
			isa = XCBuildConfiguration;
			buildSettings = {
				ASSETCATALOG_COMPILER_APPICON_NAME = AppIcon;
				CODE_SIGN_STYLE = Automatic;
				DEVELOPMENT_ASSET_PATHS = "\"Memorise/Preview Content\"";
				ENABLE_PREVIEWS = YES;
				INFOPLIST_FILE = Memorise/Info.plist;
				LD_RUNPATH_SEARCH_PATHS = (
					"$(inherited)",
					"@executable_path/Frameworks",
				);
				PRODUCT_BUNDLE_IDENTIFIER = lab.Memorise;
				PRODUCT_NAME = "$(TARGET_NAME)";
				SWIFT_VERSION = 5.0;
				TARGETED_DEVICE_FAMILY = "1,2";
			};
			name = Release;
		};
		08C93F9D2632CA6B00FDC89A /* Debug */ = {
			isa = XCBuildConfiguration;
			buildSettings = {
				ALWAYS_EMBED_SWIFT_STANDARD_LIBRARIES = YES;
				BUNDLE_LOADER = "$(TEST_HOST)";
				CODE_SIGN_STYLE = Automatic;
				INFOPLIST_FILE = MemoriseTests/Info.plist;
				IPHONEOS_DEPLOYMENT_TARGET = 13.2;
				LD_RUNPATH_SEARCH_PATHS = (
					"$(inherited)",
					"@executable_path/Frameworks",
					"@loader_path/Frameworks",
				);
				PRODUCT_BUNDLE_IDENTIFIER = lab.MemoriseTests;
				PRODUCT_NAME = "$(TARGET_NAME)";
				SWIFT_VERSION = 5.0;
				TARGETED_DEVICE_FAMILY = "1,2";
				TEST_HOST = "$(BUILT_PRODUCTS_DIR)/Memorise.app/Memorise";
			};
			name = Debug;
		};
		08C93F9E2632CA6B00FDC89A /* Release */ = {
			isa = XCBuildConfiguration;
			buildSettings = {
				ALWAYS_EMBED_SWIFT_STANDARD_LIBRARIES = YES;
				BUNDLE_LOADER = "$(TEST_HOST)";
				CODE_SIGN_STYLE = Automatic;
				INFOPLIST_FILE = MemoriseTests/Info.plist;
				IPHONEOS_DEPLOYMENT_TARGET = 13.2;
				LD_RUNPATH_SEARCH_PATHS = (
					"$(inherited)",
					"@executable_path/Frameworks",
					"@loader_path/Frameworks",
				);
				PRODUCT_BUNDLE_IDENTIFIER = lab.MemoriseTests;
				PRODUCT_NAME = "$(TARGET_NAME)";
				SWIFT_VERSION = 5.0;
				TARGETED_DEVICE_FAMILY = "1,2";
				TEST_HOST = "$(BUILT_PRODUCTS_DIR)/Memorise.app/Memorise";
			};
			name = Release;
		};
		08C93FA02632CA6B00FDC89A /* Debug */ = {
			isa = XCBuildConfiguration;
			buildSettings = {
				ALWAYS_EMBED_SWIFT_STANDARD_LIBRARIES = YES;
				CODE_SIGN_STYLE = Automatic;
				INFOPLIST_FILE = MemoriseUITests/Info.plist;
				LD_RUNPATH_SEARCH_PATHS = (
					"$(inherited)",
					"@executable_path/Frameworks",
					"@loader_path/Frameworks",
				);
				PRODUCT_BUNDLE_IDENTIFIER = lab.MemoriseUITests;
				PRODUCT_NAME = "$(TARGET_NAME)";
				SWIFT_VERSION = 5.0;
				TARGETED_DEVICE_FAMILY = "1,2";
				TEST_TARGET_NAME = Memorise;
			};
			name = Debug;
		};
		08C93FA12632CA6B00FDC89A /* Release */ = {
			isa = XCBuildConfiguration;
			buildSettings = {
				ALWAYS_EMBED_SWIFT_STANDARD_LIBRARIES = YES;
				CODE_SIGN_STYLE = Automatic;
				INFOPLIST_FILE = MemoriseUITests/Info.plist;
				LD_RUNPATH_SEARCH_PATHS = (
					"$(inherited)",
					"@executable_path/Frameworks",
					"@loader_path/Frameworks",
				);
				PRODUCT_BUNDLE_IDENTIFIER = lab.MemoriseUITests;
				PRODUCT_NAME = "$(TARGET_NAME)";
				SWIFT_VERSION = 5.0;
				TARGETED_DEVICE_FAMILY = "1,2";
				TEST_TARGET_NAME = Memorise;
			};
			name = Release;
		};
/* End XCBuildConfiguration section */

/* Begin XCConfigurationList section */
		08C93F6A2632CA6A00FDC89A /* Build configuration list for PBXProject "Memorise" */ = {
			isa = XCConfigurationList;
			buildConfigurations = (
				08C93F972632CA6B00FDC89A /* Debug */,
				08C93F982632CA6B00FDC89A /* Release */,
			);
			defaultConfigurationIsVisible = 0;
			defaultConfigurationName = Release;
		};
		08C93F992632CA6B00FDC89A /* Build configuration list for PBXNativeTarget "Memorise" */ = {
			isa = XCConfigurationList;
			buildConfigurations = (
				08C93F9A2632CA6B00FDC89A /* Debug */,
				08C93F9B2632CA6B00FDC89A /* Release */,
			);
			defaultConfigurationIsVisible = 0;
			defaultConfigurationName = Release;
		};
		08C93F9C2632CA6B00FDC89A /* Build configuration list for PBXNativeTarget "MemoriseTests" */ = {
			isa = XCConfigurationList;
			buildConfigurations = (
				08C93F9D2632CA6B00FDC89A /* Debug */,
				08C93F9E2632CA6B00FDC89A /* Release */,
			);
			defaultConfigurationIsVisible = 0;
			defaultConfigurationName = Release;
		};
		08C93F9F2632CA6B00FDC89A /* Build configuration list for PBXNativeTarget "MemoriseUITests" */ = {
			isa = XCConfigurationList;
			buildConfigurations = (
				08C93FA02632CA6B00FDC89A /* Debug */,
				08C93FA12632CA6B00FDC89A /* Release */,
			);
			defaultConfigurationIsVisible = 0;
			defaultConfigurationName = Release;
		};
/* End XCConfigurationList section */
	};
	rootObject = 08C93F672632CA6A00FDC89A /* Project object */;
}
