// !$*UTF8*$!
{
	archiveVersion = 1;
	classes = {
	};
	objectVersion = 50;
	objects = {

/* Begin PBXBuildFile section */
		08602DBE266E904C0017C240 /* AppDelegate.swift in Sources */ = {isa = PBXBuildFile; fileRef = 08602DBD266E904C0017C240 /* AppDelegate.swift */; };
		08602DC0266E904C0017C240 /* SceneDelegate.swift in Sources */ = {isa = PBXBuildFile; fileRef = 08602DBF266E904C0017C240 /* SceneDelegate.swift */; };
		08602DC2266E904C0017C240 /* ViewController.swift in Sources */ = {isa = PBXBuildFile; fileRef = 08602DC1266E904C0017C240 /* ViewController.swift */; };
		08602DC5266E904C0017C240 /* Main.storyboard in Resources */ = {isa = PBXBuildFile; fileRef = 08602DC3266E904C0017C240 /* Main.storyboard */; };
		08602DC7266E904F0017C240 /* Assets.xcassets in Resources */ = {isa = PBXBuildFile; fileRef = 08602DC6266E904F0017C240 /* Assets.xcassets */; };
		08602DCA266E904F0017C240 /* LaunchScreen.storyboard in Resources */ = {isa = PBXBuildFile; fileRef = 08602DC8266E904F0017C240 /* LaunchScreen.storyboard */; };
		08602DD2266E93720017C240 /* EmojiTableViewController.swift in Sources */ = {isa = PBXBuildFile; fileRef = 08602DD1266E93720017C240 /* EmojiTableViewController.swift */; };
		08602DD4266E9F160017C240 /* EmojiTableViewCell.swift in Sources */ = {isa = PBXBuildFile; fileRef = 08602DD3266E9F160017C240 /* EmojiTableViewCell.swift */; };
		08602DD7266EA1110017C240 /* EmojiModel.swift in Sources */ = {isa = PBXBuildFile; fileRef = 08602DD6266EA1110017C240 /* EmojiModel.swift */; };
		08602DD9266EAE1F0017C240 /* NewEmojiTableViewController.swift in Sources */ = {isa = PBXBuildFile; fileRef = 08602DD8266EAE1F0017C240 /* NewEmojiTableViewController.swift */; };
/* End PBXBuildFile section */

/* Begin PBXFileReference section */
		08602DBA266E904C0017C240 /* EmojiReader.app */ = {isa = PBXFileReference; explicitFileType = wrapper.application; includeInIndex = 0; path = EmojiReader.app; sourceTree = BUILT_PRODUCTS_DIR; };
		08602DBD266E904C0017C240 /* AppDelegate.swift */ = {isa = PBXFileReference; lastKnownFileType = sourcecode.swift; path = AppDelegate.swift; sourceTree = "<group>"; };
		08602DBF266E904C0017C240 /* SceneDelegate.swift */ = {isa = PBXFileReference; lastKnownFileType = sourcecode.swift; path = SceneDelegate.swift; sourceTree = "<group>"; };
		08602DC1266E904C0017C240 /* ViewController.swift */ = {isa = PBXFileReference; lastKnownFileType = sourcecode.swift; path = ViewController.swift; sourceTree = "<group>"; };
		08602DC4266E904C0017C240 /* Base */ = {isa = PBXFileReference; lastKnownFileType = file.storyboard; name = Base; path = Base.lproj/Main.storyboard; sourceTree = "<group>"; };
		08602DC6266E904F0017C240 /* Assets.xcassets */ = {isa = PBXFileReference; lastKnownFileType = folder.assetcatalog; path = Assets.xcassets; sourceTree = "<group>"; };
		08602DC9266E904F0017C240 /* Base */ = {isa = PBXFileReference; lastKnownFileType = file.storyboard; name = Base; path = Base.lproj/LaunchScreen.storyboard; sourceTree = "<group>"; };
		08602DCB266E904F0017C240 /* Info.plist */ = {isa = PBXFileReference; lastKnownFileType = text.plist.xml; path = Info.plist; sourceTree = "<group>"; };
		08602DD1266E93720017C240 /* EmojiTableViewController.swift */ = {isa = PBXFileReference; lastKnownFileType = sourcecode.swift; path = EmojiTableViewController.swift; sourceTree = "<group>"; };
		08602DD3266E9F160017C240 /* EmojiTableViewCell.swift */ = {isa = PBXFileReference; lastKnownFileType = sourcecode.swift; path = EmojiTableViewCell.swift; sourceTree = "<group>"; };
		08602DD6266EA1110017C240 /* EmojiModel.swift */ = {isa = PBXFileReference; lastKnownFileType = sourcecode.swift; path = EmojiModel.swift; sourceTree = "<group>"; };
		08602DD8266EAE1F0017C240 /* NewEmojiTableViewController.swift */ = {isa = PBXFileReference; lastKnownFileType = sourcecode.swift; path = NewEmojiTableViewController.swift; sourceTree = "<group>"; };
/* End PBXFileReference section */

/* Begin PBXFrameworksBuildPhase section */
		08602DB7266E904C0017C240 /* Frameworks */ = {
			isa = PBXFrameworksBuildPhase;
			buildActionMask = 2147483647;
			files = (
			);
			runOnlyForDeploymentPostprocessing = 0;
		};
/* End PBXFrameworksBuildPhase section */

/* Begin PBXGroup section */
		08602DB1266E904C0017C240 = {
			isa = PBXGroup;
			children = (
				08602DBC266E904C0017C240 /* EmojiReader */,
			);
			sourceTree = "<group>";
		};
		08602DBB266E904C0017C240 /* Products */ = {
			isa = PBXGroup;
			children = (
				08602DBA266E904C0017C240 /* EmojiReader.app */,
			);
			name = Products;
			path = ..;
			sourceTree = "<group>";
		};
		08602DBC266E904C0017C240 /* EmojiReader */ = {
			isa = PBXGroup;
			children = (
				08602DDC266EAE570017C240 /* Model */,
				08602DDD266EAE630017C240 /* View */,
				08602DDB266EAE400017C240 /* ViewController */,
				08602DDA266EAE310017C240 /* Cell */,
				08602DD5266E9F3F0017C240 /* Supporting files */,
				08602DBB266E904C0017C240 /* Products */,
			);
			path = EmojiReader;
			sourceTree = "<group>";
		};
		08602DD5266E9F3F0017C240 /* Supporting files */ = {
			isa = PBXGroup;
			children = (
				08602DBD266E904C0017C240 /* AppDelegate.swift */,
				08602DBF266E904C0017C240 /* SceneDelegate.swift */,
				08602DC6266E904F0017C240 /* Assets.xcassets */,
				08602DC8266E904F0017C240 /* LaunchScreen.storyboard */,
				08602DCB266E904F0017C240 /* Info.plist */,
			);
			path = "Supporting files";
			sourceTree = "<group>";
		};
		08602DDA266EAE310017C240 /* Cell */ = {
			isa = PBXGroup;
			children = (
				08602DD3266E9F160017C240 /* EmojiTableViewCell.swift */,
			);
			path = Cell;
			sourceTree = "<group>";
		};
		08602DDB266EAE400017C240 /* ViewController */ = {
			isa = PBXGroup;
			children = (
				08602DC1266E904C0017C240 /* ViewController.swift */,
				08602DD1266E93720017C240 /* EmojiTableViewController.swift */,
				08602DD8266EAE1F0017C240 /* NewEmojiTableViewController.swift */,
			);
			path = ViewController;
			sourceTree = "<group>";
		};
		08602DDC266EAE570017C240 /* Model */ = {
			isa = PBXGroup;
			children = (
				08602DD6266EA1110017C240 /* EmojiModel.swift */,
			);
			path = Model;
			sourceTree = "<group>";
		};
		08602DDD266EAE630017C240 /* View */ = {
			isa = PBXGroup;
			children = (
				08602DC3266E904C0017C240 /* Main.storyboard */,
			);
			path = View;
			sourceTree = "<group>";
		};
/* End PBXGroup section */

/* Begin PBXNativeTarget section */
		08602DB9266E904C0017C240 /* EmojiReader */ = {
			isa = PBXNativeTarget;
			buildConfigurationList = 08602DCE266E904F0017C240 /* Build configuration list for PBXNativeTarget "EmojiReader" */;
			buildPhases = (
				08602DB6266E904C0017C240 /* Sources */,
				08602DB7266E904C0017C240 /* Frameworks */,
				08602DB8266E904C0017C240 /* Resources */,
			);
			buildRules = (
			);
			dependencies = (
			);
			name = EmojiReader;
			productName = EmojiReader;
			productReference = 08602DBA266E904C0017C240 /* EmojiReader.app */;
			productType = "com.apple.product-type.application";
		};
/* End PBXNativeTarget section */

/* Begin PBXProject section */
		08602DB2266E904C0017C240 /* Project object */ = {
			isa = PBXProject;
			attributes = {
				LastSwiftUpdateCheck = 1250;
				LastUpgradeCheck = 1250;
				TargetAttributes = {
					08602DB9266E904C0017C240 = {
						CreatedOnToolsVersion = 12.5;
					};
				};
			};
			buildConfigurationList = 08602DB5266E904C0017C240 /* Build configuration list for PBXProject "EmojiReader" */;
			compatibilityVersion = "Xcode 9.3";
			developmentRegion = en;
			hasScannedForEncodings = 0;
			knownRegions = (
				en,
				Base,
			);
			mainGroup = 08602DB1266E904C0017C240;
			productRefGroup = 08602DBB266E904C0017C240 /* Products */;
			projectDirPath = "";
			projectRoot = "";
			targets = (
				08602DB9266E904C0017C240 /* EmojiReader */,
			);
		};
/* End PBXProject section */

/* Begin PBXResourcesBuildPhase section */
		08602DB8266E904C0017C240 /* Resources */ = {
			isa = PBXResourcesBuildPhase;
			buildActionMask = 2147483647;
			files = (
				08602DCA266E904F0017C240 /* LaunchScreen.storyboard in Resources */,
				08602DC7266E904F0017C240 /* Assets.xcassets in Resources */,
				08602DC5266E904C0017C240 /* Main.storyboard in Resources */,
			);
			runOnlyForDeploymentPostprocessing = 0;
		};
/* End PBXResourcesBuildPhase section */

/* Begin PBXSourcesBuildPhase section */
		08602DB6266E904C0017C240 /* Sources */ = {
			isa = PBXSourcesBuildPhase;
			buildActionMask = 2147483647;
			files = (
				08602DD2266E93720017C240 /* EmojiTableViewController.swift in Sources */,
				08602DC2266E904C0017C240 /* ViewController.swift in Sources */,
				08602DD7266EA1110017C240 /* EmojiModel.swift in Sources */,
				08602DD4266E9F160017C240 /* EmojiTableViewCell.swift in Sources */,
				08602DD9266EAE1F0017C240 /* NewEmojiTableViewController.swift in Sources */,
				08602DBE266E904C0017C240 /* AppDelegate.swift in Sources */,
				08602DC0266E904C0017C240 /* SceneDelegate.swift in Sources */,
			);
			runOnlyForDeploymentPostprocessing = 0;
		};
/* End PBXSourcesBuildPhase section */

/* Begin PBXVariantGroup section */
		08602DC3266E904C0017C240 /* Main.storyboard */ = {
			isa = PBXVariantGroup;
			children = (
				08602DC4266E904C0017C240 /* Base */,
			);
			name = Main.storyboard;
			sourceTree = "<group>";
		};
		08602DC8266E904F0017C240 /* LaunchScreen.storyboard */ = {
			isa = PBXVariantGroup;
			children = (
				08602DC9266E904F0017C240 /* Base */,
			);
			name = LaunchScreen.storyboard;
			sourceTree = "<group>";
		};
/* End PBXVariantGroup section */

/* Begin XCBuildConfiguration section */
		08602DCC266E904F0017C240 /* Debug */ = {
			isa = XCBuildConfiguration;
			buildSettings = {
				ALWAYS_SEARCH_USER_PATHS = NO;
				CLANG_ANALYZER_NONNULL = YES;
				CLANG_ANALYZER_NUMBER_OBJECT_CONVERSION = YES_AGGRESSIVE;
				CLANG_CXX_LANGUAGE_STANDARD = "gnu++14";
				CLANG_CXX_LIBRARY = "libc++";
				CLANG_ENABLE_MODULES = YES;
				CLANG_ENABLE_OBJC_ARC = YES;
				CLANG_ENABLE_OBJC_WEAK = YES;
				CLANG_WARN_BLOCK_CAPTURE_AUTORELEASING = YES;
				CLANG_WARN_BOOL_CONVERSION = YES;
				CLANG_WARN_COMMA = YES;
				CLANG_WARN_CONSTANT_CONVERSION = YES;
				CLANG_WARN_DEPRECATED_OBJC_IMPLEMENTATIONS = YES;
				CLANG_WARN_DIRECT_OBJC_ISA_USAGE = YES_ERROR;
				CLANG_WARN_DOCUMENTATION_COMMENTS = YES;
				CLANG_WARN_EMPTY_BODY = YES;
				CLANG_WARN_ENUM_CONVERSION = YES;
				CLANG_WARN_INFINITE_RECURSION = YES;
				CLANG_WARN_INT_CONVERSION = YES;
				CLANG_WARN_NON_LITERAL_NULL_CONVERSION = YES;
				CLANG_WARN_OBJC_IMPLICIT_RETAIN_SELF = YES;
				CLANG_WARN_OBJC_LITERAL_CONVERSION = YES;
				CLANG_WARN_OBJC_ROOT_CLASS = YES_ERROR;
				CLANG_WARN_QUOTED_INCLUDE_IN_FRAMEWORK_HEADER = YES;
				CLANG_WARN_RANGE_LOOP_ANALYSIS = YES;
				CLANG_WARN_STRICT_PROTOTYPES = YES;
				CLANG_WARN_SUSPICIOUS_MOVE = YES;
				CLANG_WARN_UNGUARDED_AVAILABILITY = YES_AGGRESSIVE;
				CLANG_WARN_UNREACHABLE_CODE = YES;
				CLANG_WARN__DUPLICATE_METHOD_MATCH = YES;
				COPY_PHASE_STRIP = NO;
				DEBUG_INFORMATION_FORMAT = dwarf;
				ENABLE_STRICT_OBJC_MSGSEND = YES;
				ENABLE_TESTABILITY = YES;
				GCC_C_LANGUAGE_STANDARD = gnu11;
				GCC_DYNAMIC_NO_PIC = NO;
				GCC_NO_COMMON_BLOCKS = YES;
				GCC_OPTIMIZATION_LEVEL = 0;
				GCC_PREPROCESSOR_DEFINITIONS = (
					"DEBUG=1",
					"$(inherited)",
				);
				GCC_WARN_64_TO_32_BIT_CONVERSION = YES;
				GCC_WARN_ABOUT_RETURN_TYPE = YES_ERROR;
				GCC_WARN_UNDECLARED_SELECTOR = YES;
				GCC_WARN_UNINITIALIZED_AUTOS = YES_AGGRESSIVE;
				GCC_WARN_UNUSED_FUNCTION = YES;
				GCC_WARN_UNUSED_VARIABLE = YES;
				IPHONEOS_DEPLOYMENT_TARGET = 14.5;
				MTL_ENABLE_DEBUG_INFO = INCLUDE_SOURCE;
				MTL_FAST_MATH = YES;
				ONLY_ACTIVE_ARCH = YES;
				SDKROOT = iphoneos;
				SWIFT_ACTIVE_COMPILATION_CONDITIONS = DEBUG;
				SWIFT_OPTIMIZATION_LEVEL = "-Onone";
			};
			name = Debug;
		};
		08602DCD266E904F0017C240 /* Release */ = {
			isa = XCBuildConfiguration;
			buildSettings = {
				ALWAYS_SEARCH_USER_PATHS = NO;
				CLANG_ANALYZER_NONNULL = YES;
				CLANG_ANALYZER_NUMBER_OBJECT_CONVERSION = YES_AGGRESSIVE;
				CLANG_CXX_LANGUAGE_STANDARD = "gnu++14";
				CLANG_CXX_LIBRARY = "libc++";
				CLANG_ENABLE_MODULES = YES;
				CLANG_ENABLE_OBJC_ARC = YES;
				CLANG_ENABLE_OBJC_WEAK = YES;
				CLANG_WARN_BLOCK_CAPTURE_AUTORELEASING = YES;
				CLANG_WARN_BOOL_CONVERSION = YES;
				CLANG_WARN_COMMA = YES;
				CLANG_WARN_CONSTANT_CONVERSION = YES;
				CLANG_WARN_DEPRECATED_OBJC_IMPLEMENTATIONS = YES;
				CLANG_WARN_DIRECT_OBJC_ISA_USAGE = YES_ERROR;
				CLANG_WARN_DOCUMENTATION_COMMENTS = YES;
				CLANG_WARN_EMPTY_BODY = YES;
				CLANG_WARN_ENUM_CONVERSION = YES;
				CLANG_WARN_INFINITE_RECURSION = YES;
				CLANG_WARN_INT_CONVERSION = YES;
				CLANG_WARN_NON_LITERAL_NULL_CONVERSION = YES;
				CLANG_WARN_OBJC_IMPLICIT_RETAIN_SELF = YES;
				CLANG_WARN_OBJC_LITERAL_CONVERSION = YES;
				CLANG_WARN_OBJC_ROOT_CLASS = YES_ERROR;
				CLANG_WARN_QUOTED_INCLUDE_IN_FRAMEWORK_HEADER = YES;
				CLANG_WARN_RANGE_LOOP_ANALYSIS = YES;
				CLANG_WARN_STRICT_PROTOTYPES = YES;
				CLANG_WARN_SUSPICIOUS_MOVE = YES;
				CLANG_WARN_UNGUARDED_AVAILABILITY = YES_AGGRESSIVE;
				CLANG_WARN_UNREACHABLE_CODE = YES;
				CLANG_WARN__DUPLICATE_METHOD_MATCH = YES;
				COPY_PHASE_STRIP = NO;
				DEBUG_INFORMATION_FORMAT = "dwarf-with-dsym";
				ENABLE_NS_ASSERTIONS = NO;
				ENABLE_STRICT_OBJC_MSGSEND = YES;
				GCC_C_LANGUAGE_STANDARD = gnu11;
				GCC_NO_COMMON_BLOCKS = YES;
				GCC_WARN_64_TO_32_BIT_CONVERSION = YES;
				GCC_WARN_ABOUT_RETURN_TYPE = YES_ERROR;
				GCC_WARN_UNDECLARED_SELECTOR = YES;
				GCC_WARN_UNINITIALIZED_AUTOS = YES_AGGRESSIVE;
				GCC_WARN_UNUSED_FUNCTION = YES;
				GCC_WARN_UNUSED_VARIABLE = YES;
				IPHONEOS_DEPLOYMENT_TARGET = 14.5;
				MTL_ENABLE_DEBUG_INFO = NO;
				MTL_FAST_MATH = YES;
				SDKROOT = iphoneos;
				SWIFT_COMPILATION_MODE = wholemodule;
				SWIFT_OPTIMIZATION_LEVEL = "-O";
				VALIDATE_PRODUCT = YES;
			};
			name = Release;
		};
		08602DCF266E904F0017C240 /* Debug */ = {
			isa = XCBuildConfiguration;
			buildSettings = {
				ASSETCATALOG_COMPILER_APPICON_NAME = AppIcon;
				ASSETCATALOG_COMPILER_GLOBAL_ACCENT_COLOR_NAME = AccentColor;
				CODE_SIGN_STYLE = Automatic;
				INFOPLIST_FILE = "EmojiReader/Supporting files/Info.plist";
				LD_RUNPATH_SEARCH_PATHS = (
					"$(inherited)",
					"@executable_path/Frameworks",
				);
				PRODUCT_BUNDLE_IDENTIFIER = "hh-ofp.EmojiReader";
				PRODUCT_NAME = "$(TARGET_NAME)";
				SWIFT_VERSION = 5.0;
				TARGETED_DEVICE_FAMILY = 1;
			};
			name = Debug;
		};
		08602DD0266E904F0017C240 /* Release */ = {
			isa = XCBuildConfiguration;
			buildSettings = {
				ASSETCATALOG_COMPILER_APPICON_NAME = AppIcon;
				ASSETCATALOG_COMPILER_GLOBAL_ACCENT_COLOR_NAME = AccentColor;
				CODE_SIGN_STYLE = Automatic;
				INFOPLIST_FILE = "EmojiReader/Supporting files/Info.plist";
				LD_RUNPATH_SEARCH_PATHS = (
					"$(inherited)",
					"@executable_path/Frameworks",
				);
				PRODUCT_BUNDLE_IDENTIFIER = "hh-ofp.EmojiReader";
				PRODUCT_NAME = "$(TARGET_NAME)";
				SWIFT_VERSION = 5.0;
				TARGETED_DEVICE_FAMILY = 1;
			};
			name = Release;
		};
/* End XCBuildConfiguration section */

/* Begin XCConfigurationList section */
		08602DB5266E904C0017C240 /* Build configuration list for PBXProject "EmojiReader" */ = {
			isa = XCConfigurationList;
			buildConfigurations = (
				08602DCC266E904F0017C240 /* Debug */,
				08602DCD266E904F0017C240 /* Release */,
			);
			defaultConfigurationIsVisible = 0;
			defaultConfigurationName = Release;
		};
		08602DCE266E904F0017C240 /* Build configuration list for PBXNativeTarget "EmojiReader" */ = {
			isa = XCConfigurationList;
			buildConfigurations = (
				08602DCF266E904F0017C240 /* Debug */,
				08602DD0266E904F0017C240 /* Release */,
			);
			defaultConfigurationIsVisible = 0;
			defaultConfigurationName = Release;
		};
/* End XCConfigurationList section */
	};
	rootObject = 08602DB2266E904C0017C240 /* Project object */;
}
