// !$*UTF8*$!
{
	archiveVersion = 1;
	classes = {
	};
	objectVersion = 50;
	objects = {

/* Begin PBXBuildFile section */
		08995AE5267CA01C008D498A /* AppDelegate.swift in Sources */ = {isa = PBXBuildFile; fileRef = 08995AE4267CA01C008D498A /* AppDelegate.swift */; };
		08995AE7267CA01C008D498A /* SceneDelegate.swift in Sources */ = {isa = PBXBuildFile; fileRef = 08995AE6267CA01C008D498A /* SceneDelegate.swift */; };
		08995AE9267CA01C008D498A /* ViewController.swift in Sources */ = {isa = PBXBuildFile; fileRef = 08995AE8267CA01C008D498A /* ViewController.swift */; };
		08995AEC267CA01C008D498A /* Main.storyboard in Resources */ = {isa = PBXBuildFile; fileRef = 08995AEA267CA01C008D498A /* Main.storyboard */; };
		08995AEE267CA020008D498A /* Assets.xcassets in Resources */ = {isa = PBXBuildFile; fileRef = 08995AED267CA020008D498A /* Assets.xcassets */; };
		08995AF1267CA020008D498A /* LaunchScreen.storyboard in Resources */ = {isa = PBXBuildFile; fileRef = 08995AEF267CA020008D498A /* LaunchScreen.storyboard */; };
		08995AF9267CA031008D498A /* Safe.swift in Sources */ = {isa = PBXBuildFile; fileRef = 08995AF8267CA031008D498A /* Safe.swift */; };
/* End PBXBuildFile section */

/* Begin PBXFileReference section */
		08995AE1267CA01C008D498A /* Singleton.app */ = {isa = PBXFileReference; explicitFileType = wrapper.application; includeInIndex = 0; path = Singleton.app; sourceTree = BUILT_PRODUCTS_DIR; };
		08995AE4267CA01C008D498A /* AppDelegate.swift */ = {isa = PBXFileReference; lastKnownFileType = sourcecode.swift; path = AppDelegate.swift; sourceTree = "<group>"; };
		08995AE6267CA01C008D498A /* SceneDelegate.swift */ = {isa = PBXFileReference; lastKnownFileType = sourcecode.swift; path = SceneDelegate.swift; sourceTree = "<group>"; };
		08995AE8267CA01C008D498A /* ViewController.swift */ = {isa = PBXFileReference; lastKnownFileType = sourcecode.swift; path = ViewController.swift; sourceTree = "<group>"; };
		08995AEB267CA01C008D498A /* Base */ = {isa = PBXFileReference; lastKnownFileType = file.storyboard; name = Base; path = Base.lproj/Main.storyboard; sourceTree = "<group>"; };
		08995AED267CA020008D498A /* Assets.xcassets */ = {isa = PBXFileReference; lastKnownFileType = folder.assetcatalog; path = Assets.xcassets; sourceTree = "<group>"; };
		08995AF0267CA020008D498A /* Base */ = {isa = PBXFileReference; lastKnownFileType = file.storyboard; name = Base; path = Base.lproj/LaunchScreen.storyboard; sourceTree = "<group>"; };
		08995AF2267CA020008D498A /* Info.plist */ = {isa = PBXFileReference; lastKnownFileType = text.plist.xml; path = Info.plist; sourceTree = "<group>"; };
		08995AF8267CA031008D498A /* Safe.swift */ = {isa = PBXFileReference; lastKnownFileType = sourcecode.swift; path = Safe.swift; sourceTree = "<group>"; };
/* End PBXFileReference section */

/* Begin PBXFrameworksBuildPhase section */
		08995ADE267CA01C008D498A /* Frameworks */ = {
			isa = PBXFrameworksBuildPhase;
			buildActionMask = 2147483647;
			files = (
			);
			runOnlyForDeploymentPostprocessing = 0;
		};
/* End PBXFrameworksBuildPhase section */

/* Begin PBXGroup section */
		08995AD8267CA01C008D498A = {
			isa = PBXGroup;
			children = (
				08995AE3267CA01C008D498A /* Singleton */,
				08995AE2267CA01C008D498A /* Products */,
			);
			sourceTree = "<group>";
		};
		08995AE2267CA01C008D498A /* Products */ = {
			isa = PBXGroup;
			children = (
				08995AE1267CA01C008D498A /* Singleton.app */,
			);
			name = Products;
			sourceTree = "<group>";
		};
		08995AE3267CA01C008D498A /* Singleton */ = {
			isa = PBXGroup;
			children = (
				08995AE4267CA01C008D498A /* AppDelegate.swift */,
				08995AFA267CA221008D498A /* Resources */,
				08995AE8267CA01C008D498A /* ViewController.swift */,
				08995AF8267CA031008D498A /* Safe.swift */,
			);
			path = Singleton;
			sourceTree = "<group>";
		};
		08995AFA267CA221008D498A /* Resources */ = {
			isa = PBXGroup;
			children = (
				08995AE6267CA01C008D498A /* SceneDelegate.swift */,
				08995AEA267CA01C008D498A /* Main.storyboard */,
				08995AED267CA020008D498A /* Assets.xcassets */,
				08995AEF267CA020008D498A /* LaunchScreen.storyboard */,
				08995AF2267CA020008D498A /* Info.plist */,
			);
			path = Resources;
			sourceTree = "<group>";
		};
/* End PBXGroup section */

/* Begin PBXNativeTarget section */
		08995AE0267CA01C008D498A /* Singleton */ = {
			isa = PBXNativeTarget;
			buildConfigurationList = 08995AF5267CA020008D498A /* Build configuration list for PBXNativeTarget "Singleton" */;
			buildPhases = (
				08995ADD267CA01C008D498A /* Sources */,
				08995ADE267CA01C008D498A /* Frameworks */,
				08995ADF267CA01C008D498A /* Resources */,
			);
			buildRules = (
			);
			dependencies = (
			);
			name = Singleton;
			productName = Singleton;
			productReference = 08995AE1267CA01C008D498A /* Singleton.app */;
			productType = "com.apple.product-type.application";
		};
/* End PBXNativeTarget section */

/* Begin PBXProject section */
		08995AD9267CA01C008D498A /* Project object */ = {
			isa = PBXProject;
			attributes = {
				LastSwiftUpdateCheck = 1250;
				LastUpgradeCheck = 1250;
				TargetAttributes = {
					08995AE0267CA01C008D498A = {
						CreatedOnToolsVersion = 12.5;
					};
				};
			};
			buildConfigurationList = 08995ADC267CA01C008D498A /* Build configuration list for PBXProject "Singleton" */;
			compatibilityVersion = "Xcode 9.3";
			developmentRegion = en;
			hasScannedForEncodings = 0;
			knownRegions = (
				en,
				Base,
			);
			mainGroup = 08995AD8267CA01C008D498A;
			productRefGroup = 08995AE2267CA01C008D498A /* Products */;
			projectDirPath = "";
			projectRoot = "";
			targets = (
				08995AE0267CA01C008D498A /* Singleton */,
			);
		};
/* End PBXProject section */

/* Begin PBXResourcesBuildPhase section */
		08995ADF267CA01C008D498A /* Resources */ = {
			isa = PBXResourcesBuildPhase;
			buildActionMask = 2147483647;
			files = (
				08995AF1267CA020008D498A /* LaunchScreen.storyboard in Resources */,
				08995AEE267CA020008D498A /* Assets.xcassets in Resources */,
				08995AEC267CA01C008D498A /* Main.storyboard in Resources */,
			);
			runOnlyForDeploymentPostprocessing = 0;
		};
/* End PBXResourcesBuildPhase section */

/* Begin PBXSourcesBuildPhase section */
		08995ADD267CA01C008D498A /* Sources */ = {
			isa = PBXSourcesBuildPhase;
			buildActionMask = 2147483647;
			files = (
				08995AF9267CA031008D498A /* Safe.swift in Sources */,
				08995AE9267CA01C008D498A /* ViewController.swift in Sources */,
				08995AE5267CA01C008D498A /* AppDelegate.swift in Sources */,
				08995AE7267CA01C008D498A /* SceneDelegate.swift in Sources */,
			);
			runOnlyForDeploymentPostprocessing = 0;
		};
/* End PBXSourcesBuildPhase section */

/* Begin PBXVariantGroup section */
		08995AEA267CA01C008D498A /* Main.storyboard */ = {
			isa = PBXVariantGroup;
			children = (
				08995AEB267CA01C008D498A /* Base */,
			);
			name = Main.storyboard;
			sourceTree = "<group>";
		};
		08995AEF267CA020008D498A /* LaunchScreen.storyboard */ = {
			isa = PBXVariantGroup;
			children = (
				08995AF0267CA020008D498A /* Base */,
			);
			name = LaunchScreen.storyboard;
			sourceTree = "<group>";
		};
/* End PBXVariantGroup section */

/* Begin XCBuildConfiguration section */
		08995AF3267CA020008D498A /* Debug */ = {
			isa = XCBuildConfiguration;
			buildSettings = {
				ALWAYS_SEARCH_USER_PATHS = NO;
				CLANG_ANALYZER_NONNULL = YES;
				CLANG_ANALYZER_NUMBER_OBJECT_CONVERSION = YES_AGGRESSIVE;
				CLANG_CXX_LANGUAGE_STANDARD = "gnu++14";
				CLANG_CXX_LIBRARY = "libc++";
				CLANG_ENABLE_MODULES = YES;
				CLANG_ENABLE_OBJC_ARC = YES;
				CLANG_ENABLE_OBJC_WEAK = YES;
				CLANG_WARN_BLOCK_CAPTURE_AUTORELEASING = YES;
				CLANG_WARN_BOOL_CONVERSION = YES;
				CLANG_WARN_COMMA = YES;
				CLANG_WARN_CONSTANT_CONVERSION = YES;
				CLANG_WARN_DEPRECATED_OBJC_IMPLEMENTATIONS = YES;
				CLANG_WARN_DIRECT_OBJC_ISA_USAGE = YES_ERROR;
				CLANG_WARN_DOCUMENTATION_COMMENTS = YES;
				CLANG_WARN_EMPTY_BODY = YES;
				CLANG_WARN_ENUM_CONVERSION = YES;
				CLANG_WARN_INFINITE_RECURSION = YES;
				CLANG_WARN_INT_CONVERSION = YES;
				CLANG_WARN_NON_LITERAL_NULL_CONVERSION = YES;
				CLANG_WARN_OBJC_IMPLICIT_RETAIN_SELF = YES;
				CLANG_WARN_OBJC_LITERAL_CONVERSION = YES;
				CLANG_WARN_OBJC_ROOT_CLASS = YES_ERROR;
				CLANG_WARN_QUOTED_INCLUDE_IN_FRAMEWORK_HEADER = YES;
				CLANG_WARN_RANGE_LOOP_ANALYSIS = YES;
				CLANG_WARN_STRICT_PROTOTYPES = YES;
				CLANG_WARN_SUSPICIOUS_MOVE = YES;
				CLANG_WARN_UNGUARDED_AVAILABILITY = YES_AGGRESSIVE;
				CLANG_WARN_UNREACHABLE_CODE = YES;
				CLANG_WARN__DUPLICATE_METHOD_MATCH = YES;
				COPY_PHASE_STRIP = NO;
				DEBUG_INFORMATION_FORMAT = dwarf;
				ENABLE_STRICT_OBJC_MSGSEND = YES;
				ENABLE_TESTABILITY = YES;
				GCC_C_LANGUAGE_STANDARD = gnu11;
				GCC_DYNAMIC_NO_PIC = NO;
				GCC_NO_COMMON_BLOCKS = YES;
				GCC_OPTIMIZATION_LEVEL = 0;
				GCC_PREPROCESSOR_DEFINITIONS = (
					"DEBUG=1",
					"$(inherited)",
				);
				GCC_WARN_64_TO_32_BIT_CONVERSION = YES;
				GCC_WARN_ABOUT_RETURN_TYPE = YES_ERROR;
				GCC_WARN_UNDECLARED_SELECTOR = YES;
				GCC_WARN_UNINITIALIZED_AUTOS = YES_AGGRESSIVE;
				GCC_WARN_UNUSED_FUNCTION = YES;
				GCC_WARN_UNUSED_VARIABLE = YES;
				IPHONEOS_DEPLOYMENT_TARGET = 14.5;
				MTL_ENABLE_DEBUG_INFO = INCLUDE_SOURCE;
				MTL_FAST_MATH = YES;
				ONLY_ACTIVE_ARCH = YES;
				SDKROOT = iphoneos;
				SWIFT_ACTIVE_COMPILATION_CONDITIONS = DEBUG;
				SWIFT_OPTIMIZATION_LEVEL = "-Onone";
			};
			name = Debug;
		};
		08995AF4267CA020008D498A /* Release */ = {
			isa = XCBuildConfiguration;
			buildSettings = {
				ALWAYS_SEARCH_USER_PATHS = NO;
				CLANG_ANALYZER_NONNULL = YES;
				CLANG_ANALYZER_NUMBER_OBJECT_CONVERSION = YES_AGGRESSIVE;
				CLANG_CXX_LANGUAGE_STANDARD = "gnu++14";
				CLANG_CXX_LIBRARY = "libc++";
				CLANG_ENABLE_MODULES = YES;
				CLANG_ENABLE_OBJC_ARC = YES;
				CLANG_ENABLE_OBJC_WEAK = YES;
				CLANG_WARN_BLOCK_CAPTURE_AUTORELEASING = YES;
				CLANG_WARN_BOOL_CONVERSION = YES;
				CLANG_WARN_COMMA = YES;
				CLANG_WARN_CONSTANT_CONVERSION = YES;
				CLANG_WARN_DEPRECATED_OBJC_IMPLEMENTATIONS = YES;
				CLANG_WARN_DIRECT_OBJC_ISA_USAGE = YES_ERROR;
				CLANG_WARN_DOCUMENTATION_COMMENTS = YES;
				CLANG_WARN_EMPTY_BODY = YES;
				CLANG_WARN_ENUM_CONVERSION = YES;
				CLANG_WARN_INFINITE_RECURSION = YES;
				CLANG_WARN_INT_CONVERSION = YES;
				CLANG_WARN_NON_LITERAL_NULL_CONVERSION = YES;
				CLANG_WARN_OBJC_IMPLICIT_RETAIN_SELF = YES;
				CLANG_WARN_OBJC_LITERAL_CONVERSION = YES;
				CLANG_WARN_OBJC_ROOT_CLASS = YES_ERROR;
				CLANG_WARN_QUOTED_INCLUDE_IN_FRAMEWORK_HEADER = YES;
				CLANG_WARN_RANGE_LOOP_ANALYSIS = YES;
				CLANG_WARN_STRICT_PROTOTYPES = YES;
				CLANG_WARN_SUSPICIOUS_MOVE = YES;
				CLANG_WARN_UNGUARDED_AVAILABILITY = YES_AGGRESSIVE;
				CLANG_WARN_UNREACHABLE_CODE = YES;
				CLANG_WARN__DUPLICATE_METHOD_MATCH = YES;
				COPY_PHASE_STRIP = NO;
				DEBUG_INFORMATION_FORMAT = "dwarf-with-dsym";
				ENABLE_NS_ASSERTIONS = NO;
				ENABLE_STRICT_OBJC_MSGSEND = YES;
				GCC_C_LANGUAGE_STANDARD = gnu11;
				GCC_NO_COMMON_BLOCKS = YES;
				GCC_WARN_64_TO_32_BIT_CONVERSION = YES;
				GCC_WARN_ABOUT_RETURN_TYPE = YES_ERROR;
				GCC_WARN_UNDECLARED_SELECTOR = YES;
				GCC_WARN_UNINITIALIZED_AUTOS = YES_AGGRESSIVE;
				GCC_WARN_UNUSED_FUNCTION = YES;
				GCC_WARN_UNUSED_VARIABLE = YES;
				IPHONEOS_DEPLOYMENT_TARGET = 14.5;
				MTL_ENABLE_DEBUG_INFO = NO;
				MTL_FAST_MATH = YES;
				SDKROOT = iphoneos;
				SWIFT_COMPILATION_MODE = wholemodule;
				SWIFT_OPTIMIZATION_LEVEL = "-O";
				VALIDATE_PRODUCT = YES;
			};
			name = Release;
		};
		08995AF6267CA020008D498A /* Debug */ = {
			isa = XCBuildConfiguration;
			buildSettings = {
				ASSETCATALOG_COMPILER_APPICON_NAME = AppIcon;
				ASSETCATALOG_COMPILER_GLOBAL_ACCENT_COLOR_NAME = AccentColor;
				CODE_SIGN_STYLE = Automatic;
				INFOPLIST_FILE = Singleton/Resources/Info.plist;
				LD_RUNPATH_SEARCH_PATHS = (
					"$(inherited)",
					"@executable_path/Frameworks",
				);
				PRODUCT_BUNDLE_IDENTIFIER = "hh-ofp.Singleton";
				PRODUCT_NAME = "$(TARGET_NAME)";
				SWIFT_VERSION = 5.0;
				TARGETED_DEVICE_FAMILY = "1,2";
			};
			name = Debug;
		};
		08995AF7267CA020008D498A /* Release */ = {
			isa = XCBuildConfiguration;
			buildSettings = {
				ASSETCATALOG_COMPILER_APPICON_NAME = AppIcon;
				ASSETCATALOG_COMPILER_GLOBAL_ACCENT_COLOR_NAME = AccentColor;
				CODE_SIGN_STYLE = Automatic;
				INFOPLIST_FILE = Singleton/Resources/Info.plist;
				LD_RUNPATH_SEARCH_PATHS = (
					"$(inherited)",
					"@executable_path/Frameworks",
				);
				PRODUCT_BUNDLE_IDENTIFIER = "hh-ofp.Singleton";
				PRODUCT_NAME = "$(TARGET_NAME)";
				SWIFT_VERSION = 5.0;
				TARGETED_DEVICE_FAMILY = "1,2";
			};
			name = Release;
		};
/* End XCBuildConfiguration section */

/* Begin XCConfigurationList section */
		08995ADC267CA01C008D498A /* Build configuration list for PBXProject "Singleton" */ = {
			isa = XCConfigurationList;
			buildConfigurations = (
				08995AF3267CA020008D498A /* Debug */,
				08995AF4267CA020008D498A /* Release */,
			);
			defaultConfigurationIsVisible = 0;
			defaultConfigurationName = Release;
		};
		08995AF5267CA020008D498A /* Build configuration list for PBXNativeTarget "Singleton" */ = {
			isa = XCConfigurationList;
			buildConfigurations = (
				08995AF6267CA020008D498A /* Debug */,
				08995AF7267CA020008D498A /* Release */,
			);
			defaultConfigurationIsVisible = 0;
			defaultConfigurationName = Release;
		};
/* End XCConfigurationList section */
	};
	rootObject = 08995AD9267CA01C008D498A /* Project object */;
}
